// !$*UTF8*$!
{
	archiveVersion = 1;
	classes = {
	};
	objectVersion = 56;
	objects = {

/* Begin PBXBuildFile section */
		68BC386A2C915FDB0085A403 /* AppDelegate.m in Sources */ = {isa = PBXBuildFile; fileRef = 68BC38692C915FDB0085A403 /* AppDelegate.m */; };
		68BC386D2C915FDB0085A403 /* SceneDelegate.m in Sources */ = {isa = PBXBuildFile; fileRef = 68BC386C2C915FDB0085A403 /* SceneDelegate.m */; };
		68BC38702C915FDB0085A403 /* ViewController.m in Sources */ = {isa = PBXBuildFile; fileRef = 68BC386F2C915FDB0085A403 /* ViewController.m */; };
		68BC38732C915FDB0085A403 /* Main.storyboard in Resources */ = {isa = PBXBuildFile; fileRef = 68BC38712C915FDB0085A403 /* Main.storyboard */; };
		68BC38752C915FDC0085A403 /* Assets.xcassets in Resources */ = {isa = PBXBuildFile; fileRef = 68BC38742C915FDC0085A403 /* Assets.xcassets */; };
		68BC38782C915FDC0085A403 /* LaunchScreen.storyboard in Resources */ = {isa = PBXBuildFile; fileRef = 68BC38762C915FDC0085A403 /* LaunchScreen.storyboard */; };
		68BC387B2C915FDC0085A403 /* main.m in Sources */ = {isa = PBXBuildFile; fileRef = 68BC387A2C915FDC0085A403 /* main.m */; };
		68BC38852C915FDD0085A403 /* KJVAPPlayerTests.m in Sources */ = {isa = PBXBuildFile; fileRef = 68BC38842C915FDD0085A403 /* KJVAPPlayerTests.m */; };
		68BC388F2C915FDD0085A403 /* KJVAPPlayerUITests.m in Sources */ = {isa = PBXBuildFile; fileRef = 68BC388E2C915FDD0085A403 /* KJVAPPlayerUITests.m */; };
		68BC38912C915FDD0085A403 /* KJVAPPlayerUITestsLaunchTests.m in Sources */ = {isa = PBXBuildFile; fileRef = 68BC38902C915FDD0085A403 /* KJVAPPlayerUITestsLaunchTests.m */; };
/* End PBXBuildFile section */

/* Begin PBXContainerItemProxy section */
		68BC38812C915FDD0085A403 /* PBXContainerItemProxy */ = {
			isa = PBXContainerItemProxy;
			containerPortal = 68BC385D2C915FDB0085A403 /* Project object */;
			proxyType = 1;
			remoteGlobalIDString = 68BC38642C915FDB0085A403;
			remoteInfo = KJVAPPlayer;
		};
		68BC388B2C915FDD0085A403 /* PBXContainerItemProxy */ = {
			isa = PBXContainerItemProxy;
			containerPortal = 68BC385D2C915FDB0085A403 /* Project object */;
			proxyType = 1;
			remoteGlobalIDString = 68BC38642C915FDB0085A403;
			remoteInfo = KJVAPPlayer;
		};
/* End PBXContainerItemProxy section */

/* Begin PBXFileReference section */
		68BC38652C915FDB0085A403 /* KJVAPPlayer.app */ = {isa = PBXFileReference; explicitFileType = wrapper.application; includeInIndex = 0; path = KJVAPPlayer.app; sourceTree = BUILT_PRODUCTS_DIR; };
		68BC38682C915FDB0085A403 /* AppDelegate.h */ = {isa = PBXFileReference; lastKnownFileType = sourcecode.c.h; path = AppDelegate.h; sourceTree = "<group>"; };
		68BC38692C915FDB0085A403 /* AppDelegate.m */ = {isa = PBXFileReference; lastKnownFileType = sourcecode.c.objc; path = AppDelegate.m; sourceTree = "<group>"; };
		68BC386B2C915FDB0085A403 /* SceneDelegate.h */ = {isa = PBXFileReference; lastKnownFileType = sourcecode.c.h; path = SceneDelegate.h; sourceTree = "<group>"; };
		68BC386C2C915FDB0085A403 /* SceneDelegate.m */ = {isa = PBXFileReference; lastKnownFileType = sourcecode.c.objc; path = SceneDelegate.m; sourceTree = "<group>"; };
		68BC386E2C915FDB0085A403 /* ViewController.h */ = {isa = PBXFileReference; lastKnownFileType = sourcecode.c.h; path = ViewController.h; sourceTree = "<group>"; };
		68BC386F2C915FDB0085A403 /* ViewController.m */ = {isa = PBXFileReference; lastKnownFileType = sourcecode.c.objc; path = ViewController.m; sourceTree = "<group>"; };
		68BC38722C915FDB0085A403 /* Base */ = {isa = PBXFileReference; lastKnownFileType = file.storyboard; name = Base; path = Base.lproj/Main.storyboard; sourceTree = "<group>"; };
		68BC38742C915FDC0085A403 /* Assets.xcassets */ = {isa = PBXFileReference; lastKnownFileType = folder.assetcatalog; path = Assets.xcassets; sourceTree = "<group>"; };
		68BC38772C915FDC0085A403 /* Base */ = {isa = PBXFileReference; lastKnownFileType = file.storyboard; name = Base; path = Base.lproj/LaunchScreen.storyboard; sourceTree = "<group>"; };
		68BC38792C915FDC0085A403 /* Info.plist */ = {isa = PBXFileReference; lastKnownFileType = text.plist.xml; path = Info.plist; sourceTree = "<group>"; };
		68BC387A2C915FDC0085A403 /* main.m */ = {isa = PBXFileReference; lastKnownFileType = sourcecode.c.objc; path = main.m; sourceTree = "<group>"; };
		68BC38802C915FDD0085A403 /* KJVAPPlayerTests.xctest */ = {isa = PBXFileReference; explicitFileType = wrapper.cfbundle; includeInIndex = 0; path = KJVAPPlayerTests.xctest; sourceTree = BUILT_PRODUCTS_DIR; };
		68BC38842C915FDD0085A403 /* KJVAPPlayerTests.m */ = {isa = PBXFileReference; lastKnownFileType = sourcecode.c.objc; path = KJVAPPlayerTests.m; sourceTree = "<group>"; };
		68BC388A2C915FDD0085A403 /* KJVAPPlayerUITests.xctest */ = {isa = PBXFileReference; explicitFileType = wrapper.cfbundle; includeInIndex = 0; path = KJVAPPlayerUITests.xctest; sourceTree = BUILT_PRODUCTS_DIR; };
		68BC388E2C915FDD0085A403 /* KJVAPPlayerUITests.m */ = {isa = PBXFileReference; lastKnownFileType = sourcecode.c.objc; path = KJVAPPlayerUITests.m; sourceTree = "<group>"; };
		68BC38902C915FDD0085A403 /* KJVAPPlayerUITestsLaunchTests.m */ = {isa = PBXFileReference; lastKnownFileType = sourcecode.c.objc; path = KJVAPPlayerUITestsLaunchTests.m; sourceTree = "<group>"; };
/* End PBXFileReference section */

/* Begin PBXFrameworksBuildPhase section */
		68BC38622C915FDB0085A403 /* Frameworks */ = {
			isa = PBXFrameworksBuildPhase;
			buildActionMask = 2147483647;
			files = (
			);
			runOnlyForDeploymentPostprocessing = 0;
		};
		68BC387D2C915FDD0085A403 /* Frameworks */ = {
			isa = PBXFrameworksBuildPhase;
			buildActionMask = 2147483647;
			files = (
			);
			runOnlyForDeploymentPostprocessing = 0;
		};
		68BC38872C915FDD0085A403 /* Frameworks */ = {
			isa = PBXFrameworksBuildPhase;
			buildActionMask = 2147483647;
			files = (
			);
			runOnlyForDeploymentPostprocessing = 0;
		};
/* End PBXFrameworksBuildPhase section */

/* Begin PBXGroup section */
		68BC385C2C915FDB0085A403 = {
			isa = PBXGroup;
			children = (
				68BC38672C915FDB0085A403 /* KJVAPPlayer */,
				68BC38832C915FDD0085A403 /* KJVAPPlayerTests */,
				68BC388D2C915FDD0085A403 /* KJVAPPlayerUITests */,
				68BC38662C915FDB0085A403 /* Products */,
			);
			sourceTree = "<group>";
		};
		68BC38662C915FDB0085A403 /* Products */ = {
			isa = PBXGroup;
			children = (
				68BC38652C915FDB0085A403 /* KJVAPPlayer.app */,
				68BC38802C915FDD0085A403 /* KJVAPPlayerTests.xctest */,
				68BC388A2C915FDD0085A403 /* KJVAPPlayerUITests.xctest */,
			);
			name = Products;
			sourceTree = "<group>";
		};
		68BC38672C915FDB0085A403 /* KJVAPPlayer */ = {
			isa = PBXGroup;
			children = (
				68BC38682C915FDB0085A403 /* AppDelegate.h */,
				68BC38692C915FDB0085A403 /* AppDelegate.m */,
				68BC386B2C915FDB0085A403 /* SceneDelegate.h */,
				68BC386C2C915FDB0085A403 /* SceneDelegate.m */,
				68BC386E2C915FDB0085A403 /* ViewController.h */,
				68BC386F2C915FDB0085A403 /* ViewController.m */,
				68BC38712C915FDB0085A403 /* Main.storyboard */,
				68BC38742C915FDC0085A403 /* Assets.xcassets */,
				68BC38762C915FDC0085A403 /* LaunchScreen.storyboard */,
				68BC38792C915FDC0085A403 /* Info.plist */,
				68BC387A2C915FDC0085A403 /* main.m */,
			);
			path = KJVAPPlayer;
			sourceTree = "<group>";
		};
		68BC38832C915FDD0085A403 /* KJVAPPlayerTests */ = {
			isa = PBXGroup;
			children = (
				68BC38842C915FDD0085A403 /* KJVAPPlayerTests.m */,
			);
			path = KJVAPPlayerTests;
			sourceTree = "<group>";
		};
		68BC388D2C915FDD0085A403 /* KJVAPPlayerUITests */ = {
			isa = PBXGroup;
			children = (
				68BC388E2C915FDD0085A403 /* KJVAPPlayerUITests.m */,
				68BC38902C915FDD0085A403 /* KJVAPPlayerUITestsLaunchTests.m */,
			);
			path = KJVAPPlayerUITests;
			sourceTree = "<group>";
		};
/* End PBXGroup section */

/* Begin PBXNativeTarget section */
		68BC38642C915FDB0085A403 /* KJVAPPlayer */ = {
			isa = PBXNativeTarget;
			buildConfigurationList = 68BC38942C915FDD0085A403 /* Build configuration list for PBXNativeTarget "KJVAPPlayer" */;
			buildPhases = (
				68BC38612C915FDB0085A403 /* Sources */,
				68BC38622C915FDB0085A403 /* Frameworks */,
				68BC38632C915FDB0085A403 /* Resources */,
			);
			buildRules = (
			);
			dependencies = (
			);
			name = KJVAPPlayer;
			productName = KJVAPPlayer;
			productReference = 68BC38652C915FDB0085A403 /* KJVAPPlayer.app */;
			productType = "com.apple.product-type.application";
		};
		68BC387F2C915FDD0085A403 /* KJVAPPlayerTests */ = {
			isa = PBXNativeTarget;
			buildConfigurationList = 68BC38972C915FDD0085A403 /* Build configuration list for PBXNativeTarget "KJVAPPlayerTests" */;
			buildPhases = (
				68BC387C2C915FDD0085A403 /* Sources */,
				68BC387D2C915FDD0085A403 /* Frameworks */,
				68BC387E2C915FDD0085A403 /* Resources */,
			);
			buildRules = (
			);
			dependencies = (
				68BC38822C915FDD0085A403 /* PBXTargetDependency */,
			);
			name = KJVAPPlayerTests;
			productName = KJVAPPlayerTests;
			productReference = 68BC38802C915FDD0085A403 /* KJVAPPlayerTests.xctest */;
			productType = "com.apple.product-type.bundle.unit-test";
		};
		68BC38892C915FDD0085A403 /* KJVAPPlayerUITests */ = {
			isa = PBXNativeTarget;
			buildConfigurationList = 68BC389A2C915FDD0085A403 /* Build configuration list for PBXNativeTarget "KJVAPPlayerUITests" */;
			buildPhases = (
				68BC38862C915FDD0085A403 /* Sources */,
				68BC38872C915FDD0085A403 /* Frameworks */,
				68BC38882C915FDD0085A403 /* Resources */,
			);
			buildRules = (
			);
			dependencies = (
				68BC388C2C915FDD0085A403 /* PBXTargetDependency */,
			);
			name = KJVAPPlayerUITests;
			productName = KJVAPPlayerUITests;
			productReference = 68BC388A2C915FDD0085A403 /* KJVAPPlayerUITests.xctest */;
			productType = "com.apple.product-type.bundle.ui-testing";
		};
/* End PBXNativeTarget section */

/* Begin PBXProject section */
		68BC385D2C915FDB0085A403 /* Project object */ = {
			isa = PBXProject;
			attributes = {
				BuildIndependentTargetsInParallel = 1;
				LastUpgradeCheck = 1400;
				TargetAttributes = {
					68BC38642C915FDB0085A403 = {
						CreatedOnToolsVersion = 14.0;
					};
					68BC387F2C915FDD0085A403 = {
						CreatedOnToolsVersion = 14.0;
						TestTargetID = 68BC38642C915FDB0085A403;
					};
					68BC38892C915FDD0085A403 = {
						CreatedOnToolsVersion = 14.0;
						TestTargetID = 68BC38642C915FDB0085A403;
					};
				};
			};
			buildConfigurationList = 68BC38602C915FDB0085A403 /* Build configuration list for PBXProject "KJVAPPlayer" */;
			compatibilityVersion = "Xcode 14.0";
			developmentRegion = en;
			hasScannedForEncodings = 0;
			knownRegions = (
				en,
				Base,
			);
			mainGroup = 68BC385C2C915FDB0085A403;
			productRefGroup = 68BC38662C915FDB0085A403 /* Products */;
			projectDirPath = "";
			projectRoot = "";
			targets = (
				68BC38642C915FDB0085A403 /* KJVAPPlayer */,
				68BC387F2C915FDD0085A403 /* KJVAPPlayerTests */,
				68BC38892C915FDD0085A403 /* KJVAPPlayerUITests */,
			);
		};
/* End PBXProject section */

/* Begin PBXResourcesBuildPhase section */
		68BC38632C915FDB0085A403 /* Resources */ = {
			isa = PBXResourcesBuildPhase;
			buildActionMask = 2147483647;
			files = (
				68BC38782C915FDC0085A403 /* LaunchScreen.storyboard in Resources */,
				68BC38752C915FDC0085A403 /* Assets.xcassets in Resources */,
				68BC38732C915FDB0085A403 /* Main.storyboard in Resources */,
			);
			runOnlyForDeploymentPostprocessing = 0;
		};
		68BC387E2C915FDD0085A403 /* Resources */ = {
			isa = PBXResourcesBuildPhase;
			buildActionMask = 2147483647;
			files = (
			);
			runOnlyForDeploymentPostprocessing = 0;
		};
		68BC38882C915FDD0085A403 /* Resources */ = {
			isa = PBXResourcesBuildPhase;
			buildActionMask = 2147483647;
			files = (
			);
			runOnlyForDeploymentPostprocessing = 0;
		};
/* End PBXResourcesBuildPhase section */

/* Begin PBXSourcesBuildPhase section */
		68BC38612C915FDB0085A403 /* Sources */ = {
			isa = PBXSourcesBuildPhase;
			buildActionMask = 2147483647;
			files = (
				68BC38702C915FDB0085A403 /* ViewController.m in Sources */,
				68BC386A2C915FDB0085A403 /* AppDelegate.m in Sources */,
				68BC387B2C915FDC0085A403 /* main.m in Sources */,
				68BC386D2C915FDB0085A403 /* SceneDelegate.m in Sources */,
			);
			runOnlyForDeploymentPostprocessing = 0;
		};
		68BC387C2C915FDD0085A403 /* Sources */ = {
			isa = PBXSourcesBuildPhase;
			buildActionMask = 2147483647;
			files = (
				68BC38852C915FDD0085A403 /* KJVAPPlayerTests.m in Sources */,
			);
			runOnlyForDeploymentPostprocessing = 0;
		};
		68BC38862C915FDD0085A403 /* Sources */ = {
			isa = PBXSourcesBuildPhase;
			buildActionMask = 2147483647;
			files = (
				68BC38912C915FDD0085A403 /* KJVAPPlayerUITestsLaunchTests.m in Sources */,
				68BC388F2C915FDD0085A403 /* KJVAPPlayerUITests.m in Sources */,
			);
			runOnlyForDeploymentPostprocessing = 0;
		};
/* End PBXSourcesBuildPhase section */

/* Begin PBXTargetDependency section */
		68BC38822C915FDD0085A403 /* PBXTargetDependency */ = {
			isa = PBXTargetDependency;
			target = 68BC38642C915FDB0085A403 /* KJVAPPlayer */;
			targetProxy = 68BC38812C915FDD0085A403 /* PBXContainerItemProxy */;
		};
		68BC388C2C915FDD0085A403 /* PBXTargetDependency */ = {
			isa = PBXTargetDependency;
			target = 68BC38642C915FDB0085A403 /* KJVAPPlayer */;
			targetProxy = 68BC388B2C915FDD0085A403 /* PBXContainerItemProxy */;
		};
/* End PBXTargetDependency section */

/* Begin PBXVariantGroup section */
		68BC38712C915FDB0085A403 /* Main.storyboard */ = {
			isa = PBXVariantGroup;
			children = (
				68BC38722C915FDB0085A403 /* Base */,
			);
			name = Main.storyboard;
			sourceTree = "<group>";
		};
		68BC38762C915FDC0085A403 /* LaunchScreen.storyboard */ = {
			isa = PBXVariantGroup;
			children = (
				68BC38772C915FDC0085A403 /* Base */,
			);
			name = LaunchScreen.storyboard;
			sourceTree = "<group>";
		};
/* End PBXVariantGroup section */

/* Begin XCBuildConfiguration section */
		68BC38922C915FDD0085A403 /* Debug */ = {
			isa = XCBuildConfiguration;
			buildSettings = {
				ALWAYS_SEARCH_USER_PATHS = NO;
				CLANG_ANALYZER_NONNULL = YES;
				CLANG_ANALYZER_NUMBER_OBJECT_CONVERSION = YES_AGGRESSIVE;
				CLANG_CXX_LANGUAGE_STANDARD = "gnu++20";
				CLANG_ENABLE_MODULES = YES;
				CLANG_ENABLE_OBJC_ARC = YES;
				CLANG_ENABLE_OBJC_WEAK = YES;
				CLANG_WARN_BLOCK_CAPTURE_AUTORELEASING = YES;
				CLANG_WARN_BOOL_CONVERSION = YES;
				CLANG_WARN_COMMA = YES;
				CLANG_WARN_CONSTANT_CONVERSION = YES;
				CLANG_WARN_DEPRECATED_OBJC_IMPLEMENTATIONS = YES;
				CLANG_WARN_DIRECT_OBJC_ISA_USAGE = YES_ERROR;
				CLANG_WARN_DOCUMENTATION_COMMENTS = YES;
				CLANG_WARN_EMPTY_BODY = YES;
				CLANG_WARN_ENUM_CONVERSION = YES;
				CLANG_WARN_INFINITE_RECURSION = YES;
				CLANG_WARN_INT_CONVERSION = YES;
				CLANG_WARN_NON_LITERAL_NULL_CONVERSION = YES;
				CLANG_WARN_OBJC_IMPLICIT_RETAIN_SELF = YES;
				CLANG_WARN_OBJC_LITERAL_CONVERSION = YES;
				CLANG_WARN_OBJC_ROOT_CLASS = YES_ERROR;
				CLANG_WARN_QUOTED_INCLUDE_IN_FRAMEWORK_HEADER = YES;
				CLANG_WARN_RANGE_LOOP_ANALYSIS = YES;
				CLANG_WARN_STRICT_PROTOTYPES = YES;
				CLANG_WARN_SUSPICIOUS_MOVE = YES;
				CLANG_WARN_UNGUARDED_AVAILABILITY = YES_AGGRESSIVE;
				CLANG_WARN_UNREACHABLE_CODE = YES;
				CLANG_WARN__DUPLICATE_METHOD_MATCH = YES;
				COPY_PHASE_STRIP = NO;
				DEBUG_INFORMATION_FORMAT = dwarf;
				ENABLE_STRICT_OBJC_MSGSEND = YES;
				ENABLE_TESTABILITY = YES;
				GCC_C_LANGUAGE_STANDARD = gnu11;
				GCC_DYNAMIC_NO_PIC = NO;
				GCC_NO_COMMON_BLOCKS = YES;
				GCC_OPTIMIZATION_LEVEL = 0;
				GCC_PREPROCESSOR_DEFINITIONS = (
					"DEBUG=1",
					"$(inherited)",
				);
				GCC_WARN_64_TO_32_BIT_CONVERSION = YES;
				GCC_WARN_ABOUT_RETURN_TYPE = YES_ERROR;
				GCC_WARN_UNDECLARED_SELECTOR = YES;
				GCC_WARN_UNINITIALIZED_AUTOS = YES_AGGRESSIVE;
				GCC_WARN_UNUSED_FUNCTION = YES;
				GCC_WARN_UNUSED_VARIABLE = YES;
				IPHONEOS_DEPLOYMENT_TARGET = 16.0;
				MTL_ENABLE_DEBUG_INFO = INCLUDE_SOURCE;
				MTL_FAST_MATH = YES;
				ONLY_ACTIVE_ARCH = YES;
				SDKROOT = iphoneos;
			};
			name = Debug;
		};
		68BC38932C915FDD0085A403 /* Release */ = {
			isa = XCBuildConfiguration;
			buildSettings = {
				ALWAYS_SEARCH_USER_PATHS = NO;
				CLANG_ANALYZER_NONNULL = YES;
				CLANG_ANALYZER_NUMBER_OBJECT_CONVERSION = YES_AGGRESSIVE;
				CLANG_CXX_LANGUAGE_STANDARD = "gnu++20";
				CLANG_ENABLE_MODULES = YES;
				CLANG_ENABLE_OBJC_ARC = YES;
				CLANG_ENABLE_OBJC_WEAK = YES;
				CLANG_WARN_BLOCK_CAPTURE_AUTORELEASING = YES;
				CLANG_WARN_BOOL_CONVERSION = YES;
				CLANG_WARN_COMMA = YES;
				CLANG_WARN_CONSTANT_CONVERSION = YES;
				CLANG_WARN_DEPRECATED_OBJC_IMPLEMENTATIONS = YES;
				CLANG_WARN_DIRECT_OBJC_ISA_USAGE = YES_ERROR;
				CLANG_WARN_DOCUMENTATION_COMMENTS = YES;
				CLANG_WARN_EMPTY_BODY = YES;
				CLANG_WARN_ENUM_CONVERSION = YES;
				CLANG_WARN_INFINITE_RECURSION = YES;
				CLANG_WARN_INT_CONVERSION = YES;
				CLANG_WARN_NON_LITERAL_NULL_CONVERSION = YES;
				CLANG_WARN_OBJC_IMPLICIT_RETAIN_SELF = YES;
				CLANG_WARN_OBJC_LITERAL_CONVERSION = YES;
				CLANG_WARN_OBJC_ROOT_CLASS = YES_ERROR;
				CLANG_WARN_QUOTED_INCLUDE_IN_FRAMEWORK_HEADER = YES;
				CLANG_WARN_RANGE_LOOP_ANALYSIS = YES;
				CLANG_WARN_STRICT_PROTOTYPES = YES;
				CLANG_WARN_SUSPICIOUS_MOVE = YES;
				CLANG_WARN_UNGUARDED_AVAILABILITY = YES_AGGRESSIVE;
				CLANG_WARN_UNREACHABLE_CODE = YES;
				CLANG_WARN__DUPLICATE_METHOD_MATCH = YES;
				COPY_PHASE_STRIP = NO;
				DEBUG_INFORMATION_FORMAT = "dwarf-with-dsym";
				ENABLE_NS_ASSERTIONS = NO;
				ENABLE_STRICT_OBJC_MSGSEND = YES;
				GCC_C_LANGUAGE_STANDARD = gnu11;
				GCC_NO_COMMON_BLOCKS = YES;
				GCC_WARN_64_TO_32_BIT_CONVERSION = YES;
				GCC_WARN_ABOUT_RETURN_TYPE = YES_ERROR;
				GCC_WARN_UNDECLARED_SELECTOR = YES;
				GCC_WARN_UNINITIALIZED_AUTOS = YES_AGGRESSIVE;
				GCC_WARN_UNUSED_FUNCTION = YES;
				GCC_WARN_UNUSED_VARIABLE = YES;
				IPHONEOS_DEPLOYMENT_TARGET = 16.0;
				MTL_ENABLE_DEBUG_INFO = NO;
				MTL_FAST_MATH = YES;
				SDKROOT = iphoneos;
				VALIDATE_PRODUCT = YES;
			};
			name = Release;
		};
		68BC38952C915FDD0085A403 /* Debug */ = {
			isa = XCBuildConfiguration;
			buildSettings = {
				ASSETCATALOG_COMPILER_APPICON_NAME = AppIcon;
				ASSETCATALOG_COMPILER_GLOBAL_ACCENT_COLOR_NAME = AccentColor;
				CODE_SIGN_STYLE = Automatic;
				CURRENT_PROJECT_VERSION = 1;
				DEVELOPMENT_TEAM = 6T2VWAK6CR;
				GENERATE_INFOPLIST_FILE = YES;
				INFOPLIST_FILE = KJVAPPlayer/Info.plist;
				INFOPLIST_KEY_UIApplicationSupportsIndirectInputEvents = YES;
				INFOPLIST_KEY_UILaunchStoryboardName = LaunchScreen;
				INFOPLIST_KEY_UIMainStoryboardFile = Main;
				INFOPLIST_KEY_UISupportedInterfaceOrientations_iPad = "UIInterfaceOrientationPortrait UIInterfaceOrientationPortraitUpsideDown UIInterfaceOrientationLandscapeLeft UIInterfaceOrientationLandscapeRight";
				INFOPLIST_KEY_UISupportedInterfaceOrientations_iPhone = "UIInterfaceOrientationPortrait UIInterfaceOrientationLandscapeLeft UIInterfaceOrientationLandscapeRight";
				LD_RUNPATH_SEARCH_PATHS = (
					"$(inherited)",
					"@executable_path/Frameworks",
				);
				MARKETING_VERSION = 1.0;
				PRODUCT_BUNDLE_IDENTIFIER = com.yuanxuehu.KJVAPPlayer;
				PRODUCT_NAME = "$(TARGET_NAME)";
				SWIFT_EMIT_LOC_STRINGS = YES;
				TARGETED_DEVICE_FAMILY = "1,2";
			};
			name = Debug;
		};
		68BC38962C915FDD0085A403 /* Release */ = {
			isa = XCBuildConfiguration;
			buildSettings = {
				ASSETCATALOG_COMPILER_APPICON_NAME = AppIcon;
				ASSETCATALOG_COMPILER_GLOBAL_ACCENT_COLOR_NAME = AccentColor;
				CODE_SIGN_STYLE = Automatic;
				CURRENT_PROJECT_VERSION = 1;
				DEVELOPMENT_TEAM = 6T2VWAK6CR;
				GENERATE_INFOPLIST_FILE = YES;
				INFOPLIST_FILE = KJVAPPlayer/Info.plist;
				INFOPLIST_KEY_UIApplicationSupportsIndirectInputEvents = YES;
				INFOPLIST_KEY_UILaunchStoryboardName = LaunchScreen;
				INFOPLIST_KEY_UIMainStoryboardFile = Main;
				INFOPLIST_KEY_UISupportedInterfaceOrientations_iPad = "UIInterfaceOrientationPortrait UIInterfaceOrientationPortraitUpsideDown UIInterfaceOrientationLandscapeLeft UIInterfaceOrientationLandscapeRight";
				INFOPLIST_KEY_UISupportedInterfaceOrientations_iPhone = "UIInterfaceOrientationPortrait UIInterfaceOrientationLandscapeLeft UIInterfaceOrientationLandscapeRight";
				LD_RUNPATH_SEARCH_PATHS = (
					"$(inherited)",
					"@executable_path/Frameworks",
				);
				MARKETING_VERSION = 1.0;
				PRODUCT_BUNDLE_IDENTIFIER = com.yuanxuehu.KJVAPPlayer;
				PRODUCT_NAME = "$(TARGET_NAME)";
				SWIFT_EMIT_LOC_STRINGS = YES;
				TARGETED_DEVICE_FAMILY = "1,2";
			};
			name = Release;
		};
		68BC38982C915FDD0085A403 /* Debug */ = {
			isa = XCBuildConfiguration;
			buildSettings = {
				BUNDLE_LOADER = "$(TEST_HOST)";
				CODE_SIGN_STYLE = Automatic;
				CURRENT_PROJECT_VERSION = 1;
				DEVELOPMENT_TEAM = 6T2VWAK6CR;
				GENERATE_INFOPLIST_FILE = YES;
				IPHONEOS_DEPLOYMENT_TARGET = 16.0;
				MARKETING_VERSION = 1.0;
				PRODUCT_BUNDLE_IDENTIFIER = com.yuanxuehu.KJVAPPlayerTests;
				PRODUCT_NAME = "$(TARGET_NAME)";
				SWIFT_EMIT_LOC_STRINGS = NO;
				TARGETED_DEVICE_FAMILY = "1,2";
				TEST_HOST = "$(BUILT_PRODUCTS_DIR)/KJVAPPlayer.app/$(BUNDLE_EXECUTABLE_FOLDER_PATH)/KJVAPPlayer";
			};
			name = Debug;
		};
		68BC38992C915FDD0085A403 /* Release */ = {
			isa = XCBuildConfiguration;
			buildSettings = {
				BUNDLE_LOADER = "$(TEST_HOST)";
				CODE_SIGN_STYLE = Automatic;
				CURRENT_PROJECT_VERSION = 1;
				DEVELOPMENT_TEAM = 6T2VWAK6CR;
				GENERATE_INFOPLIST_FILE = YES;
				IPHONEOS_DEPLOYMENT_TARGET = 16.0;
				MARKETING_VERSION = 1.0;
				PRODUCT_BUNDLE_IDENTIFIER = com.yuanxuehu.KJVAPPlayerTests;
				PRODUCT_NAME = "$(TARGET_NAME)";
				SWIFT_EMIT_LOC_STRINGS = NO;
				TARGETED_DEVICE_FAMILY = "1,2";
				TEST_HOST = "$(BUILT_PRODUCTS_DIR)/KJVAPPlayer.app/$(BUNDLE_EXECUTABLE_FOLDER_PATH)/KJVAPPlayer";
			};
			name = Release;
		};
		68BC389B2C915FDD0085A403 /* Debug */ = {
			isa = XCBuildConfiguration;
			buildSettings = {
				CODE_SIGN_STYLE = Automatic;
				CURRENT_PROJECT_VERSION = 1;
				DEVELOPMENT_TEAM = 6T2VWAK6CR;
				GENERATE_INFOPLIST_FILE = YES;
				MARKETING_VERSION = 1.0;
				PRODUCT_BUNDLE_IDENTIFIER = com.yuanxuehu.KJVAPPlayerUITests;
				PRODUCT_NAME = "$(TARGET_NAME)";
				SWIFT_EMIT_LOC_STRINGS = NO;
				TARGETED_DEVICE_FAMILY = "1,2";
				TEST_TARGET_NAME = KJVAPPlayer;
			};
			name = Debug;
		};
		68BC389C2C915FDD0085A403 /* Release */ = {
			isa = XCBuildConfiguration;
			buildSettings = {
				CODE_SIGN_STYLE = Automatic;
				CURRENT_PROJECT_VERSION = 1;
				DEVELOPMENT_TEAM = 6T2VWAK6CR;
				GENERATE_INFOPLIST_FILE = YES;
				MARKETING_VERSION = 1.0;
				PRODUCT_BUNDLE_IDENTIFIER = com.yuanxuehu.KJVAPPlayerUITests;
				PRODUCT_NAME = "$(TARGET_NAME)";
				SWIFT_EMIT_LOC_STRINGS = NO;
				TARGETED_DEVICE_FAMILY = "1,2";
				TEST_TARGET_NAME = KJVAPPlayer;
			};
			name = Release;
		};
/* End XCBuildConfiguration section */

/* Begin XCConfigurationList section */
		68BC38602C915FDB0085A403 /* Build configuration list for PBXProject "KJVAPPlayer" */ = {
			isa = XCConfigurationList;
			buildConfigurations = (
				68BC38922C915FDD0085A403 /* Debug */,
				68BC38932C915FDD0085A403 /* Release */,
			);
			defaultConfigurationIsVisible = 0;
			defaultConfigurationName = Release;
		};
		68BC38942C915FDD0085A403 /* Build configuration list for PBXNativeTarget "KJVAPPlayer" */ = {
			isa = XCConfigurationList;
			buildConfigurations = (
				68BC38952C915FDD0085A403 /* Debug */,
				68BC38962C915FDD0085A403 /* Release */,
			);
			defaultConfigurationIsVisible = 0;
			defaultConfigurationName = Release;
		};
		68BC38972C915FDD0085A403 /* Build configuration list for PBXNativeTarget "KJVAPPlayerTests" */ = {
			isa = XCConfigurationList;
			buildConfigurations = (
				68BC38982C915FDD0085A403 /* Debug */,
				68BC38992C915FDD0085A403 /* Release */,
			);
			defaultConfigurationIsVisible = 0;
			defaultConfigurationName = Release;
		};
		68BC389A2C915FDD0085A403 /* Build configuration list for PBXNativeTarget "KJVAPPlayerUITests" */ = {
			isa = XCConfigurationList;
			buildConfigurations = (
				68BC389B2C915FDD0085A403 /* Debug */,
				68BC389C2C915FDD0085A403 /* Release */,
			);
			defaultConfigurationIsVisible = 0;
			defaultConfigurationName = Release;
		};
/* End XCConfigurationList section */
	};
	rootObject = 68BC385D2C915FDB0085A403 /* Project object */;
}
