// !$*UTF8*$!
{
	archiveVersion = 1;
	classes = {
	};
	objectVersion = 56;
	objects = {

/* Begin PBXBuildFile section */
		68BC386A2C915FDB0085A403 /* AppDelegate.m in Sources */ = {isa = PBXBuildFile; fileRef = 68BC38692C915FDB0085A403 /* AppDelegate.m */; };
		68BC386D2C915FDB0085A403 /* SceneDelegate.m in Sources */ = {isa = PBXBuildFile; fileRef = 68BC386C2C915FDB0085A403 /* SceneDelegate.m */; };
		68BC38702C915FDB0085A403 /* ViewController.m in Sources */ = {isa = PBXBuildFile; fileRef = 68BC386F2C915FDB0085A403 /* ViewController.m */; };
		68BC38732C915FDB0085A403 /* Main.storyboard in Resources */ = {isa = PBXBuildFile; fileRef = 68BC38712C915FDB0085A403 /* Main.storyboard */; };
		68BC38752C915FDC0085A403 /* Assets.xcassets in Resources */ = {isa = PBXBuildFile; fileRef = 68BC38742C915FDC0085A403 /* Assets.xcassets */; };
		68BC38782C915FDC0085A403 /* LaunchScreen.storyboard in Resources */ = {isa = PBXBuildFile; fileRef = 68BC38762C915FDC0085A403 /* LaunchScreen.storyboard */; };
		68BC387B2C915FDC0085A403 /* main.m in Sources */ = {isa = PBXBuildFile; fileRef = 68BC387A2C915FDC0085A403 /* main.m */; };
		68BC38852C915FDD0085A403 /* KJVAPPlayerTests.m in Sources */ = {isa = PBXBuildFile; fileRef = 68BC38842C915FDD0085A403 /* KJVAPPlayerTests.m */; };
		68BC388F2C915FDD0085A403 /* KJVAPPlayerUITests.m in Sources */ = {isa = PBXBuildFile; fileRef = 68BC388E2C915FDD0085A403 /* KJVAPPlayerUITests.m */; };
		68BC38912C915FDD0085A403 /* KJVAPPlayerUITestsLaunchTests.m in Sources */ = {isa = PBXBuildFile; fileRef = 68BC38902C915FDD0085A403 /* KJVAPPlayerUITestsLaunchTests.m */; };
		68BC38FC2C9160790085A403 /* QGMP4Box.m in Sources */ = {isa = PBXBuildFile; fileRef = 68BC38A12C9160780085A403 /* QGMP4Box.m */; };
		68BC38FD2C9160790085A403 /* QGMP4Parser.m in Sources */ = {isa = PBXBuildFile; fileRef = 68BC38A32C9160780085A403 /* QGMP4Parser.m */; };
		68BC38FE2C9160790085A403 /* UIView+VAP.m in Sources */ = {isa = PBXBuildFile; fileRef = 68BC38A52C9160780085A403 /* UIView+VAP.m */; };
		68BC38FF2C9160790085A403 /* QGVAPMetalShaderFunctionLoader.m in Sources */ = {isa = PBXBuildFile; fileRef = 68BC38A72C9160780085A403 /* QGVAPMetalShaderFunctionLoader.m */; };
		68BC39002C9160790085A403 /* QGVAPLogger.m in Sources */ = {isa = PBXBuildFile; fileRef = 68BC38AC2C9160790085A403 /* QGVAPLogger.m */; };
		68BC39012C9160790085A403 /* QGVAPWeakProxy.m in Sources */ = {isa = PBXBuildFile; fileRef = 68BC38AE2C9160790085A403 /* QGVAPWeakProxy.m */; };
		68BC39022C9160790085A403 /* QGVAPMetalUtil.m in Sources */ = {isa = PBXBuildFile; fileRef = 68BC38AF2C9160790085A403 /* QGVAPMetalUtil.m */; };
		68BC39032C9160790085A403 /* QGVAPSafeMutableArray.m in Sources */ = {isa = PBXBuildFile; fileRef = 68BC38B12C9160790085A403 /* QGVAPSafeMutableArray.m */; };
		68BC39042C9160790085A403 /* QGVAPSafeMutableDictionary.m in Sources */ = {isa = PBXBuildFile; fileRef = 68BC38B22C9160790085A403 /* QGVAPSafeMutableDictionary.m */; };
		68BC39052C9160790085A403 /* NSNotificationCenter+VAPThreadSafe.m in Sources */ = {isa = PBXBuildFile; fileRef = 68BC38B62C9160790085A403 /* NSNotificationCenter+VAPThreadSafe.m */; };
		68BC39062C9160790085A403 /* NSArray+VAPUtil.m in Sources */ = {isa = PBXBuildFile; fileRef = 68BC38B72C9160790085A403 /* NSArray+VAPUtil.m */; };
		68BC39072C9160790085A403 /* NSDictionary+VAPUtil.m in Sources */ = {isa = PBXBuildFile; fileRef = 68BC38BD2C9160790085A403 /* NSDictionary+VAPUtil.m */; };
		68BC39082C9160790085A403 /* UIDevice+VAPUtil.m in Sources */ = {isa = PBXBuildFile; fileRef = 68BC38BE2C9160790085A403 /* UIDevice+VAPUtil.m */; };
		68BC39092C9160790085A403 /* UIColor+VAPUtil.m in Sources */ = {isa = PBXBuildFile; fileRef = 68BC38C02C9160790085A403 /* UIColor+VAPUtil.m */; };
		68BC390A2C9160790085A403 /* UIView+MP4HWDecode.m in Sources */ = {isa = PBXBuildFile; fileRef = 68BC38C12C9160790085A403 /* UIView+MP4HWDecode.m */; };
		68BC390B2C9160790085A403 /* UIGestureRecognizer+VAPUtil.m in Sources */ = {isa = PBXBuildFile; fileRef = 68BC38C22C9160790085A403 /* UIGestureRecognizer+VAPUtil.m */; };
		68BC390C2C9160790085A403 /* QGMP4AnimatedImageFrame.m in Sources */ = {isa = PBXBuildFile; fileRef = 68BC38C42C9160790085A403 /* QGMP4AnimatedImageFrame.m */; };
		68BC390D2C9160790085A403 /* QGVAPMaskInfo.m in Sources */ = {isa = PBXBuildFile; fileRef = 68BC38C62C9160790085A403 /* QGVAPMaskInfo.m */; };
		68BC390E2C9160790085A403 /* QGVAPTextureLoader.m in Sources */ = {isa = PBXBuildFile; fileRef = 68BC38C82C9160790085A403 /* QGVAPTextureLoader.m */; };
		68BC390F2C9160790085A403 /* QGMP4HWDFileInfo.m in Sources */ = {isa = PBXBuildFile; fileRef = 68BC38C92C9160790085A403 /* QGMP4HWDFileInfo.m */; };
		68BC39102C9160790085A403 /* QGBaseDFileInfo.m in Sources */ = {isa = PBXBuildFile; fileRef = 68BC38CC2C9160790085A403 /* QGBaseDFileInfo.m */; };
		68BC39112C9160790085A403 /* QGVAPConfigModel.m in Sources */ = {isa = PBXBuildFile; fileRef = 68BC38CF2C9160790085A403 /* QGVAPConfigModel.m */; };
		68BC39122C9160790085A403 /* QGBaseAnimatedImageFrame.m in Sources */ = {isa = PBXBuildFile; fileRef = 68BC38D22C9160790085A403 /* QGBaseAnimatedImageFrame.m */; };
		68BC39132C9160790085A403 /* QGBaseAnimatedImageFrame+Displaying.m in Sources */ = {isa = PBXBuildFile; fileRef = 68BC38D32C9160790085A403 /* QGBaseAnimatedImageFrame+Displaying.m */; };
		68BC39142C9160790085A403 /* QGVAPWrapView.m in Sources */ = {isa = PBXBuildFile; fileRef = 68BC38D52C9160790085A403 /* QGVAPWrapView.m */; };
		68BC39152C9160790085A403 /* QGAnimatedImageDecodeConfig.m in Sources */ = {isa = PBXBuildFile; fileRef = 68BC38D92C9160790085A403 /* QGAnimatedImageDecodeConfig.m */; };
		68BC39162C9160790085A403 /* QGVAPConfigManager.m in Sources */ = {isa = PBXBuildFile; fileRef = 68BC38DA2C9160790085A403 /* QGVAPConfigManager.m */; };
		68BC39172C9160790085A403 /* QGAnimatedImageDecodeThreadPool.m in Sources */ = {isa = PBXBuildFile; fileRef = 68BC38E02C9160790085A403 /* QGAnimatedImageDecodeThreadPool.m */; };
		68BC39182C9160790085A403 /* QGBaseDecoder.m in Sources */ = {isa = PBXBuildFile; fileRef = 68BC38E22C9160790085A403 /* QGBaseDecoder.m */; };
		68BC39192C9160790085A403 /* QGMP4FrameHWDecoder.m in Sources */ = {isa = PBXBuildFile; fileRef = 68BC38E32C9160790085A403 /* QGMP4FrameHWDecoder.m */; };
		68BC391A2C9160790085A403 /* QGAnimatedImageDecodeThread.m in Sources */ = {isa = PBXBuildFile; fileRef = 68BC38E62C9160790085A403 /* QGAnimatedImageDecodeThread.m */; };
		68BC391B2C9160790085A403 /* QGAnimatedImageBufferManager.m in Sources */ = {isa = PBXBuildFile; fileRef = 68BC38E82C9160790085A403 /* QGAnimatedImageBufferManager.m */; };
		68BC391C2C9160790085A403 /* QGAnimatedImageDecodeManager.m in Sources */ = {isa = PBXBuildFile; fileRef = 68BC38E92C9160790085A403 /* QGAnimatedImageDecodeManager.m */; };
		68BC391D2C9160790085A403 /* QGHWDMetalView.m in Sources */ = {isa = PBXBuildFile; fileRef = 68BC38EC2C9160790085A403 /* QGHWDMetalView.m */; };
		68BC391E2C9160790085A403 /* QGVAPMetalView.m in Sources */ = {isa = PBXBuildFile; fileRef = 68BC38EE2C9160790085A403 /* QGVAPMetalView.m */; };
		68BC391F2C9160790085A403 /* QGVAPMetalRenderer.m in Sources */ = {isa = PBXBuildFile; fileRef = 68BC38EF2C9160790085A403 /* QGVAPMetalRenderer.m */; };
		68BC39202C9160790085A403 /* QGHWDMetalRenderer.m in Sources */ = {isa = PBXBuildFile; fileRef = 68BC38F22C9160790085A403 /* QGHWDMetalRenderer.m */; };
		68BC39212C9160790085A403 /* QGHWDMP4OpenGLView.m in Sources */ = {isa = PBXBuildFile; fileRef = 68BC38F62C9160790085A403 /* QGHWDMP4OpenGLView.m */; };
		68BC39222C9160790085A403 /* QGHWDShaders.metal in Sources */ = {isa = PBXBuildFile; fileRef = 68BC38FA2C9160790085A403 /* QGHWDShaders.metal */; };
		68BC39372C91677B0085A403 /* qq.png in Resources */ = {isa = PBXBuildFile; fileRef = 68BC39342C91677B0085A403 /* qq.png */; };
		68BC39382C91677B0085A403 /* demo.mp4 in Resources */ = {isa = PBXBuildFile; fileRef = 68BC39352C91677B0085A403 /* demo.mp4 */; };
		68BC39392C91677B0085A403 /* vap.mp4 in Resources */ = {isa = PBXBuildFile; fileRef = 68BC39362C91677B0085A403 /* vap.mp4 */; };
		68BC393F2C916ED80085A403 /* KJShowViewController.swift in Sources */ = {isa = PBXBuildFile; fileRef = 68BC393E2C916ED80085A403 /* KJShowViewController.swift */; };
/* End PBXBuildFile section */

/* Begin PBXContainerItemProxy section */
		68BC38812C915FDD0085A403 /* PBXContainerItemProxy */ = {
			isa = PBXContainerItemProxy;
			containerPortal = 68BC385D2C915FDB0085A403 /* Project object */;
			proxyType = 1;
			remoteGlobalIDString = 68BC38642C915FDB0085A403;
			remoteInfo = KJVAPPlayer;
		};
		68BC388B2C915FDD0085A403 /* PBXContainerItemProxy */ = {
			isa = PBXContainerItemProxy;
			containerPortal = 68BC385D2C915FDB0085A403 /* Project object */;
			proxyType = 1;
			remoteGlobalIDString = 68BC38642C915FDB0085A403;
			remoteInfo = KJVAPPlayer;
		};
/* End PBXContainerItemProxy section */

/* Begin PBXFileReference section */
		68BC38652C915FDB0085A403 /* KJVAPPlayer.app */ = {isa = PBXFileReference; explicitFileType = wrapper.application; includeInIndex = 0; path = KJVAPPlayer.app; sourceTree = BUILT_PRODUCTS_DIR; };
		68BC38682C915FDB0085A403 /* AppDelegate.h */ = {isa = PBXFileReference; lastKnownFileType = sourcecode.c.h; path = AppDelegate.h; sourceTree = "<group>"; };
		68BC38692C915FDB0085A403 /* AppDelegate.m */ = {isa = PBXFileReference; lastKnownFileType = sourcecode.c.objc; path = AppDelegate.m; sourceTree = "<group>"; };
		68BC386B2C915FDB0085A403 /* SceneDelegate.h */ = {isa = PBXFileReference; lastKnownFileType = sourcecode.c.h; path = SceneDelegate.h; sourceTree = "<group>"; };
		68BC386C2C915FDB0085A403 /* SceneDelegate.m */ = {isa = PBXFileReference; lastKnownFileType = sourcecode.c.objc; path = SceneDelegate.m; sourceTree = "<group>"; };
		68BC386E2C915FDB0085A403 /* ViewController.h */ = {isa = PBXFileReference; lastKnownFileType = sourcecode.c.h; path = ViewController.h; sourceTree = "<group>"; };
		68BC386F2C915FDB0085A403 /* ViewController.m */ = {isa = PBXFileReference; lastKnownFileType = sourcecode.c.objc; path = ViewController.m; sourceTree = "<group>"; };
		68BC38722C915FDB0085A403 /* Base */ = {isa = PBXFileReference; lastKnownFileType = file.storyboard; name = Base; path = Base.lproj/Main.storyboard; sourceTree = "<group>"; };
		68BC38742C915FDC0085A403 /* Assets.xcassets */ = {isa = PBXFileReference; lastKnownFileType = folder.assetcatalog; path = Assets.xcassets; sourceTree = "<group>"; };
		68BC38772C915FDC0085A403 /* Base */ = {isa = PBXFileReference; lastKnownFileType = file.storyboard; name = Base; path = Base.lproj/LaunchScreen.storyboard; sourceTree = "<group>"; };
		68BC38792C915FDC0085A403 /* Info.plist */ = {isa = PBXFileReference; lastKnownFileType = text.plist.xml; path = Info.plist; sourceTree = "<group>"; };
		68BC387A2C915FDC0085A403 /* main.m */ = {isa = PBXFileReference; lastKnownFileType = sourcecode.c.objc; path = main.m; sourceTree = "<group>"; };
		68BC38802C915FDD0085A403 /* KJVAPPlayerTests.xctest */ = {isa = PBXFileReference; explicitFileType = wrapper.cfbundle; includeInIndex = 0; path = KJVAPPlayerTests.xctest; sourceTree = BUILT_PRODUCTS_DIR; };
		68BC38842C915FDD0085A403 /* KJVAPPlayerTests.m */ = {isa = PBXFileReference; lastKnownFileType = sourcecode.c.objc; path = KJVAPPlayerTests.m; sourceTree = "<group>"; };
		68BC388A2C915FDD0085A403 /* KJVAPPlayerUITests.xctest */ = {isa = PBXFileReference; explicitFileType = wrapper.cfbundle; includeInIndex = 0; path = KJVAPPlayerUITests.xctest; sourceTree = BUILT_PRODUCTS_DIR; };
		68BC388E2C915FDD0085A403 /* KJVAPPlayerUITests.m */ = {isa = PBXFileReference; lastKnownFileType = sourcecode.c.objc; path = KJVAPPlayerUITests.m; sourceTree = "<group>"; };
		68BC38902C915FDD0085A403 /* KJVAPPlayerUITestsLaunchTests.m */ = {isa = PBXFileReference; lastKnownFileType = sourcecode.c.objc; path = KJVAPPlayerUITestsLaunchTests.m; sourceTree = "<group>"; };
		68BC389F2C9160780085A403 /* QGVAPWrapView.h */ = {isa = PBXFileReference; fileEncoding = 4; lastKnownFileType = sourcecode.c.h; path = QGVAPWrapView.h; sourceTree = "<group>"; };
		68BC38A12C9160780085A403 /* QGMP4Box.m */ = {isa = PBXFileReference; fileEncoding = 4; lastKnownFileType = sourcecode.c.objc; path = QGMP4Box.m; sourceTree = "<group>"; };
		68BC38A22C9160780085A403 /* QGMP4Parser.h */ = {isa = PBXFileReference; fileEncoding = 4; lastKnownFileType = sourcecode.c.h; path = QGMP4Parser.h; sourceTree = "<group>"; };
		68BC38A32C9160780085A403 /* QGMP4Parser.m */ = {isa = PBXFileReference; fileEncoding = 4; lastKnownFileType = sourcecode.c.objc; path = QGMP4Parser.m; sourceTree = "<group>"; };
		68BC38A42C9160780085A403 /* QGMP4Box.h */ = {isa = PBXFileReference; fileEncoding = 4; lastKnownFileType = sourcecode.c.h; path = QGMP4Box.h; sourceTree = "<group>"; };
		68BC38A52C9160780085A403 /* UIView+VAP.m */ = {isa = PBXFileReference; fileEncoding = 4; lastKnownFileType = sourcecode.c.objc; path = "UIView+VAP.m"; sourceTree = "<group>"; };
		68BC38A72C9160780085A403 /* QGVAPMetalShaderFunctionLoader.m */ = {isa = PBXFileReference; fileEncoding = 4; lastKnownFileType = sourcecode.c.objc; path = QGVAPMetalShaderFunctionLoader.m; sourceTree = "<group>"; };
		68BC38A82C9160780085A403 /* QGVAPMetalUtil.h */ = {isa = PBXFileReference; fileEncoding = 4; lastKnownFileType = sourcecode.c.h; path = QGVAPMetalUtil.h; sourceTree = "<group>"; };
		68BC38A92C9160780085A403 /* QGVAPSafeMutableDictionary.h */ = {isa = PBXFileReference; fileEncoding = 4; lastKnownFileType = sourcecode.c.h; path = QGVAPSafeMutableDictionary.h; sourceTree = "<group>"; };
		68BC38AA2C9160780085A403 /* QGVAPSafeMutableArray.h */ = {isa = PBXFileReference; fileEncoding = 4; lastKnownFileType = sourcecode.c.h; path = QGVAPSafeMutableArray.h; sourceTree = "<group>"; };
		68BC38AC2C9160790085A403 /* QGVAPLogger.m */ = {isa = PBXFileReference; fileEncoding = 4; lastKnownFileType = sourcecode.c.objc; path = QGVAPLogger.m; sourceTree = "<group>"; };
		68BC38AD2C9160790085A403 /* QGVAPLogger.h */ = {isa = PBXFileReference; fileEncoding = 4; lastKnownFileType = sourcecode.c.h; path = QGVAPLogger.h; sourceTree = "<group>"; };
		68BC38AE2C9160790085A403 /* QGVAPWeakProxy.m */ = {isa = PBXFileReference; fileEncoding = 4; lastKnownFileType = sourcecode.c.objc; path = QGVAPWeakProxy.m; sourceTree = "<group>"; };
		68BC38AF2C9160790085A403 /* QGVAPMetalUtil.m */ = {isa = PBXFileReference; fileEncoding = 4; lastKnownFileType = sourcecode.c.objc; path = QGVAPMetalUtil.m; sourceTree = "<group>"; };
		68BC38B02C9160790085A403 /* QGVAPMetalShaderFunctionLoader.h */ = {isa = PBXFileReference; fileEncoding = 4; lastKnownFileType = sourcecode.c.h; path = QGVAPMetalShaderFunctionLoader.h; sourceTree = "<group>"; };
		68BC38B12C9160790085A403 /* QGVAPSafeMutableArray.m */ = {isa = PBXFileReference; fileEncoding = 4; lastKnownFileType = sourcecode.c.objc; path = QGVAPSafeMutableArray.m; sourceTree = "<group>"; };
		68BC38B22C9160790085A403 /* QGVAPSafeMutableDictionary.m */ = {isa = PBXFileReference; fileEncoding = 4; lastKnownFileType = sourcecode.c.objc; path = QGVAPSafeMutableDictionary.m; sourceTree = "<group>"; };
		68BC38B32C9160790085A403 /* QGVAPWeakProxy.h */ = {isa = PBXFileReference; fileEncoding = 4; lastKnownFileType = sourcecode.c.h; path = QGVAPWeakProxy.h; sourceTree = "<group>"; };
		68BC38B52C9160790085A403 /* NSDictionary+VAPUtil.h */ = {isa = PBXFileReference; fileEncoding = 4; lastKnownFileType = sourcecode.c.h; path = "NSDictionary+VAPUtil.h"; sourceTree = "<group>"; };
		68BC38B62C9160790085A403 /* NSNotificationCenter+VAPThreadSafe.m */ = {isa = PBXFileReference; fileEncoding = 4; lastKnownFileType = sourcecode.c.objc; path = "NSNotificationCenter+VAPThreadSafe.m"; sourceTree = "<group>"; };
		68BC38B72C9160790085A403 /* NSArray+VAPUtil.m */ = {isa = PBXFileReference; fileEncoding = 4; lastKnownFileType = sourcecode.c.objc; path = "NSArray+VAPUtil.m"; sourceTree = "<group>"; };
		68BC38B82C9160790085A403 /* UIDevice+VAPUtil.h */ = {isa = PBXFileReference; fileEncoding = 4; lastKnownFileType = sourcecode.c.h; path = "UIDevice+VAPUtil.h"; sourceTree = "<group>"; };
		68BC38B92C9160790085A403 /* UIColor+VAPUtil.h */ = {isa = PBXFileReference; fileEncoding = 4; lastKnownFileType = sourcecode.c.h; path = "UIColor+VAPUtil.h"; sourceTree = "<group>"; };
		68BC38BA2C9160790085A403 /* UIView+MP4HWDecode.h */ = {isa = PBXFileReference; fileEncoding = 4; lastKnownFileType = sourcecode.c.h; path = "UIView+MP4HWDecode.h"; sourceTree = "<group>"; };
		68BC38BB2C9160790085A403 /* UIGestureRecognizer+VAPUtil.h */ = {isa = PBXFileReference; fileEncoding = 4; lastKnownFileType = sourcecode.c.h; path = "UIGestureRecognizer+VAPUtil.h"; sourceTree = "<group>"; };
		68BC38BC2C9160790085A403 /* NSNotificationCenter+VAPThreadSafe.h */ = {isa = PBXFileReference; fileEncoding = 4; lastKnownFileType = sourcecode.c.h; path = "NSNotificationCenter+VAPThreadSafe.h"; sourceTree = "<group>"; };
		68BC38BD2C9160790085A403 /* NSDictionary+VAPUtil.m */ = {isa = PBXFileReference; fileEncoding = 4; lastKnownFileType = sourcecode.c.objc; path = "NSDictionary+VAPUtil.m"; sourceTree = "<group>"; };
		68BC38BE2C9160790085A403 /* UIDevice+VAPUtil.m */ = {isa = PBXFileReference; fileEncoding = 4; lastKnownFileType = sourcecode.c.objc; path = "UIDevice+VAPUtil.m"; sourceTree = "<group>"; };
		68BC38BF2C9160790085A403 /* NSArray+VAPUtil.h */ = {isa = PBXFileReference; fileEncoding = 4; lastKnownFileType = sourcecode.c.h; path = "NSArray+VAPUtil.h"; sourceTree = "<group>"; };
		68BC38C02C9160790085A403 /* UIColor+VAPUtil.m */ = {isa = PBXFileReference; fileEncoding = 4; lastKnownFileType = sourcecode.c.objc; path = "UIColor+VAPUtil.m"; sourceTree = "<group>"; };
		68BC38C12C9160790085A403 /* UIView+MP4HWDecode.m */ = {isa = PBXFileReference; fileEncoding = 4; lastKnownFileType = sourcecode.c.objc; path = "UIView+MP4HWDecode.m"; sourceTree = "<group>"; };
		68BC38C22C9160790085A403 /* UIGestureRecognizer+VAPUtil.m */ = {isa = PBXFileReference; fileEncoding = 4; lastKnownFileType = sourcecode.c.objc; path = "UIGestureRecognizer+VAPUtil.m"; sourceTree = "<group>"; };
		68BC38C42C9160790085A403 /* QGMP4AnimatedImageFrame.m */ = {isa = PBXFileReference; fileEncoding = 4; lastKnownFileType = sourcecode.c.objc; path = QGMP4AnimatedImageFrame.m; sourceTree = "<group>"; };
		68BC38C52C9160790085A403 /* QGBaseDFileInfo.h */ = {isa = PBXFileReference; fileEncoding = 4; lastKnownFileType = sourcecode.c.h; path = QGBaseDFileInfo.h; sourceTree = "<group>"; };
		68BC38C62C9160790085A403 /* QGVAPMaskInfo.m */ = {isa = PBXFileReference; fileEncoding = 4; lastKnownFileType = sourcecode.c.objc; path = QGVAPMaskInfo.m; sourceTree = "<group>"; };
		68BC38C72C9160790085A403 /* QGBaseAnimatedImageFrame.h */ = {isa = PBXFileReference; fileEncoding = 4; lastKnownFileType = sourcecode.c.h; path = QGBaseAnimatedImageFrame.h; sourceTree = "<group>"; };
		68BC38C82C9160790085A403 /* QGVAPTextureLoader.m */ = {isa = PBXFileReference; fileEncoding = 4; lastKnownFileType = sourcecode.c.objc; path = QGVAPTextureLoader.m; sourceTree = "<group>"; };
		68BC38C92C9160790085A403 /* QGMP4HWDFileInfo.m */ = {isa = PBXFileReference; fileEncoding = 4; lastKnownFileType = sourcecode.c.objc; path = QGMP4HWDFileInfo.m; sourceTree = "<group>"; };
		68BC38CA2C9160790085A403 /* QGVAPConfigModel.h */ = {isa = PBXFileReference; fileEncoding = 4; lastKnownFileType = sourcecode.c.h; path = QGVAPConfigModel.h; sourceTree = "<group>"; };
		68BC38CB2C9160790085A403 /* QGBaseAnimatedImageFrame+Displaying.h */ = {isa = PBXFileReference; fileEncoding = 4; lastKnownFileType = sourcecode.c.h; path = "QGBaseAnimatedImageFrame+Displaying.h"; sourceTree = "<group>"; };
		68BC38CC2C9160790085A403 /* QGBaseDFileInfo.m */ = {isa = PBXFileReference; fileEncoding = 4; lastKnownFileType = sourcecode.c.objc; path = QGBaseDFileInfo.m; sourceTree = "<group>"; };
		68BC38CD2C9160790085A403 /* QGMP4AnimatedImageFrame.h */ = {isa = PBXFileReference; fileEncoding = 4; lastKnownFileType = sourcecode.c.h; path = QGMP4AnimatedImageFrame.h; sourceTree = "<group>"; };
		68BC38CE2C9160790085A403 /* QGVAPMaskInfo.h */ = {isa = PBXFileReference; fileEncoding = 4; lastKnownFileType = sourcecode.c.h; path = QGVAPMaskInfo.h; sourceTree = "<group>"; };
		68BC38CF2C9160790085A403 /* QGVAPConfigModel.m */ = {isa = PBXFileReference; fileEncoding = 4; lastKnownFileType = sourcecode.c.objc; path = QGVAPConfigModel.m; sourceTree = "<group>"; };
		68BC38D02C9160790085A403 /* QGMP4HWDFileInfo.h */ = {isa = PBXFileReference; fileEncoding = 4; lastKnownFileType = sourcecode.c.h; path = QGMP4HWDFileInfo.h; sourceTree = "<group>"; };
		68BC38D12C9160790085A403 /* QGVAPTextureLoader.h */ = {isa = PBXFileReference; fileEncoding = 4; lastKnownFileType = sourcecode.c.h; path = QGVAPTextureLoader.h; sourceTree = "<group>"; };
		68BC38D22C9160790085A403 /* QGBaseAnimatedImageFrame.m */ = {isa = PBXFileReference; fileEncoding = 4; lastKnownFileType = sourcecode.c.objc; path = QGBaseAnimatedImageFrame.m; sourceTree = "<group>"; };
		68BC38D32C9160790085A403 /* QGBaseAnimatedImageFrame+Displaying.m */ = {isa = PBXFileReference; fileEncoding = 4; lastKnownFileType = sourcecode.c.objc; path = "QGBaseAnimatedImageFrame+Displaying.m"; sourceTree = "<group>"; };
		68BC38D42C9160790085A403 /* VAPMacros.h */ = {isa = PBXFileReference; fileEncoding = 4; lastKnownFileType = sourcecode.c.h; path = VAPMacros.h; sourceTree = "<group>"; };
		68BC38D52C9160790085A403 /* QGVAPWrapView.m */ = {isa = PBXFileReference; fileEncoding = 4; lastKnownFileType = sourcecode.c.objc; path = QGVAPWrapView.m; sourceTree = "<group>"; };
		68BC38D62C9160790085A403 /* UIView+VAP.h */ = {isa = PBXFileReference; fileEncoding = 4; lastKnownFileType = sourcecode.c.h; path = "UIView+VAP.h"; sourceTree = "<group>"; };
		68BC38D72C9160790085A403 /* QGVAPlayer.h */ = {isa = PBXFileReference; fileEncoding = 4; lastKnownFileType = sourcecode.c.h; path = QGVAPlayer.h; sourceTree = "<group>"; };
		68BC38D92C9160790085A403 /* QGAnimatedImageDecodeConfig.m */ = {isa = PBXFileReference; fileEncoding = 4; lastKnownFileType = sourcecode.c.objc; path = QGAnimatedImageDecodeConfig.m; sourceTree = "<group>"; };
		68BC38DA2C9160790085A403 /* QGVAPConfigManager.m */ = {isa = PBXFileReference; fileEncoding = 4; lastKnownFileType = sourcecode.c.objc; path = QGVAPConfigManager.m; sourceTree = "<group>"; };
		68BC38DB2C9160790085A403 /* QGAnimatedImageDecodeThread.h */ = {isa = PBXFileReference; fileEncoding = 4; lastKnownFileType = sourcecode.c.h; path = QGAnimatedImageDecodeThread.h; sourceTree = "<group>"; };
		68BC38DC2C9160790085A403 /* QGAnimatedImageDecodeThreadPool.h */ = {isa = PBXFileReference; fileEncoding = 4; lastKnownFileType = sourcecode.c.h; path = QGAnimatedImageDecodeThreadPool.h; sourceTree = "<group>"; };
		68BC38DD2C9160790085A403 /* QGAnimatedImageBufferManager.h */ = {isa = PBXFileReference; fileEncoding = 4; lastKnownFileType = sourcecode.c.h; path = QGAnimatedImageBufferManager.h; sourceTree = "<group>"; };
		68BC38DE2C9160790085A403 /* QGAnimatedImageDecodeManager.h */ = {isa = PBXFileReference; fileEncoding = 4; lastKnownFileType = sourcecode.c.h; path = QGAnimatedImageDecodeManager.h; sourceTree = "<group>"; };
		68BC38DF2C9160790085A403 /* QGAnimatedImageDecodeConfig.h */ = {isa = PBXFileReference; fileEncoding = 4; lastKnownFileType = sourcecode.c.h; path = QGAnimatedImageDecodeConfig.h; sourceTree = "<group>"; };
		68BC38E02C9160790085A403 /* QGAnimatedImageDecodeThreadPool.m */ = {isa = PBXFileReference; fileEncoding = 4; lastKnownFileType = sourcecode.c.objc; path = QGAnimatedImageDecodeThreadPool.m; sourceTree = "<group>"; };
		68BC38E22C9160790085A403 /* QGBaseDecoder.m */ = {isa = PBXFileReference; fileEncoding = 4; lastKnownFileType = sourcecode.c.objc; path = QGBaseDecoder.m; sourceTree = "<group>"; };
		68BC38E32C9160790085A403 /* QGMP4FrameHWDecoder.m */ = {isa = PBXFileReference; fileEncoding = 4; lastKnownFileType = sourcecode.c.objc; path = QGMP4FrameHWDecoder.m; sourceTree = "<group>"; };
		68BC38E42C9160790085A403 /* QGBaseDecoder.h */ = {isa = PBXFileReference; fileEncoding = 4; lastKnownFileType = sourcecode.c.h; path = QGBaseDecoder.h; sourceTree = "<group>"; };
		68BC38E52C9160790085A403 /* QGMP4FrameHWDecoder.h */ = {isa = PBXFileReference; fileEncoding = 4; lastKnownFileType = sourcecode.c.h; path = QGMP4FrameHWDecoder.h; sourceTree = "<group>"; };
		68BC38E62C9160790085A403 /* QGAnimatedImageDecodeThread.m */ = {isa = PBXFileReference; fileEncoding = 4; lastKnownFileType = sourcecode.c.objc; path = QGAnimatedImageDecodeThread.m; sourceTree = "<group>"; };
		68BC38E72C9160790085A403 /* QGVAPConfigManager.h */ = {isa = PBXFileReference; fileEncoding = 4; lastKnownFileType = sourcecode.c.h; path = QGVAPConfigManager.h; sourceTree = "<group>"; };
		68BC38E82C9160790085A403 /* QGAnimatedImageBufferManager.m */ = {isa = PBXFileReference; fileEncoding = 4; lastKnownFileType = sourcecode.c.objc; path = QGAnimatedImageBufferManager.m; sourceTree = "<group>"; };
		68BC38E92C9160790085A403 /* QGAnimatedImageDecodeManager.m */ = {isa = PBXFileReference; fileEncoding = 4; lastKnownFileType = sourcecode.c.objc; path = QGAnimatedImageDecodeManager.m; sourceTree = "<group>"; };
		68BC38EC2C9160790085A403 /* QGHWDMetalView.m */ = {isa = PBXFileReference; fileEncoding = 4; lastKnownFileType = sourcecode.c.objc; path = QGHWDMetalView.m; sourceTree = "<group>"; };
		68BC38EE2C9160790085A403 /* QGVAPMetalView.m */ = {isa = PBXFileReference; fileEncoding = 4; lastKnownFileType = sourcecode.c.objc; path = QGVAPMetalView.m; sourceTree = "<group>"; };
		68BC38EF2C9160790085A403 /* QGVAPMetalRenderer.m */ = {isa = PBXFileReference; fileEncoding = 4; lastKnownFileType = sourcecode.c.objc; path = QGVAPMetalRenderer.m; sourceTree = "<group>"; };
		68BC38F02C9160790085A403 /* QGVAPMetalView.h */ = {isa = PBXFileReference; fileEncoding = 4; lastKnownFileType = sourcecode.c.h; path = QGVAPMetalView.h; sourceTree = "<group>"; };
		68BC38F12C9160790085A403 /* QGVAPMetalRenderer.h */ = {isa = PBXFileReference; fileEncoding = 4; lastKnownFileType = sourcecode.c.h; path = QGVAPMetalRenderer.h; sourceTree = "<group>"; };
		68BC38F22C9160790085A403 /* QGHWDMetalRenderer.m */ = {isa = PBXFileReference; fileEncoding = 4; lastKnownFileType = sourcecode.c.objc; path = QGHWDMetalRenderer.m; sourceTree = "<group>"; };
		68BC38F32C9160790085A403 /* QGHWDMetalView.h */ = {isa = PBXFileReference; fileEncoding = 4; lastKnownFileType = sourcecode.c.h; path = QGHWDMetalView.h; sourceTree = "<group>"; };
		68BC38F42C9160790085A403 /* QGHWDMetalRenderer.h */ = {isa = PBXFileReference; fileEncoding = 4; lastKnownFileType = sourcecode.c.h; path = QGHWDMetalRenderer.h; sourceTree = "<group>"; };
		68BC38F62C9160790085A403 /* QGHWDMP4OpenGLView.m */ = {isa = PBXFileReference; fileEncoding = 4; lastKnownFileType = sourcecode.c.objc; path = QGHWDMP4OpenGLView.m; sourceTree = "<group>"; };
		68BC38F72C9160790085A403 /* QGHWDMP4OpenGLView.h */ = {isa = PBXFileReference; fileEncoding = 4; lastKnownFileType = sourcecode.c.h; path = QGHWDMP4OpenGLView.h; sourceTree = "<group>"; };
		68BC38F92C9160790085A403 /* QGHWDShaderTypes.h */ = {isa = PBXFileReference; fileEncoding = 4; lastKnownFileType = sourcecode.c.h; path = QGHWDShaderTypes.h; sourceTree = "<group>"; };
		68BC38FA2C9160790085A403 /* QGHWDShaders.metal */ = {isa = PBXFileReference; fileEncoding = 4; lastKnownFileType = sourcecode.metal; path = QGHWDShaders.metal; sourceTree = "<group>"; };
		68BC38FB2C9160790085A403 /* QGHWDMetalShaderSourceDefine.h */ = {isa = PBXFileReference; fileEncoding = 4; lastKnownFileType = sourcecode.c.h; path = QGHWDMetalShaderSourceDefine.h; sourceTree = "<group>"; };
		68BC39342C91677B0085A403 /* qq.png */ = {isa = PBXFileReference; lastKnownFileType = image.png; path = qq.png; sourceTree = "<group>"; };
		68BC39352C91677B0085A403 /* demo.mp4 */ = {isa = PBXFileReference; lastKnownFileType = file; path = demo.mp4; sourceTree = "<group>"; };
		68BC39362C91677B0085A403 /* vap.mp4 */ = {isa = PBXFileReference; lastKnownFileType = file; path = vap.mp4; sourceTree = "<group>"; };
		68BC393D2C916ED80085A403 /* KJVAPPlayer-Bridging-Header.h */ = {isa = PBXFileReference; lastKnownFileType = sourcecode.c.h; path = "KJVAPPlayer-Bridging-Header.h"; sourceTree = "<group>"; };
		68BC393E2C916ED80085A403 /* KJShowViewController.swift */ = {isa = PBXFileReference; lastKnownFileType = sourcecode.swift; path = KJShowViewController.swift; sourceTree = "<group>"; };
/* End PBXFileReference section */

/* Begin PBXFrameworksBuildPhase section */
		68BC38622C915FDB0085A403 /* Frameworks */ = {
			isa = PBXFrameworksBuildPhase;
			buildActionMask = 2147483647;
			files = (
			);
			runOnlyForDeploymentPostprocessing = 0;
		};
		68BC387D2C915FDD0085A403 /* Frameworks */ = {
			isa = PBXFrameworksBuildPhase;
			buildActionMask = 2147483647;
			files = (
			);
			runOnlyForDeploymentPostprocessing = 0;
		};
		68BC38872C915FDD0085A403 /* Frameworks */ = {
			isa = PBXFrameworksBuildPhase;
			buildActionMask = 2147483647;
			files = (
			);
			runOnlyForDeploymentPostprocessing = 0;
		};
/* End PBXFrameworksBuildPhase section */

/* Begin PBXGroup section */
		68BC385C2C915FDB0085A403 = {
			isa = PBXGroup;
			children = (
				68BC38672C915FDB0085A403 /* KJVAPPlayer */,
				68BC38832C915FDD0085A403 /* KJVAPPlayerTests */,
				68BC388D2C915FDD0085A403 /* KJVAPPlayerUITests */,
				68BC38662C915FDB0085A403 /* Products */,
			);
			sourceTree = "<group>";
		};
		68BC38662C915FDB0085A403 /* Products */ = {
			isa = PBXGroup;
			children = (
				68BC38652C915FDB0085A403 /* KJVAPPlayer.app */,
				68BC38802C915FDD0085A403 /* KJVAPPlayerTests.xctest */,
				68BC388A2C915FDD0085A403 /* KJVAPPlayerUITests.xctest */,
			);
			name = Products;
			sourceTree = "<group>";
		};
		68BC38672C915FDB0085A403 /* KJVAPPlayer */ = {
			isa = PBXGroup;
			children = (
				68BC39332C9167470085A403 /* Resource */,
				68BC389D2C9160780085A403 /* QGVAPlayer */,
				68BC38682C915FDB0085A403 /* AppDelegate.h */,
				68BC38692C915FDB0085A403 /* AppDelegate.m */,
				68BC386B2C915FDB0085A403 /* SceneDelegate.h */,
				68BC386C2C915FDB0085A403 /* SceneDelegate.m */,
				68BC386E2C915FDB0085A403 /* ViewController.h */,
				68BC386F2C915FDB0085A403 /* ViewController.m */,
				68BC393E2C916ED80085A403 /* KJShowViewController.swift */,
				68BC38712C915FDB0085A403 /* Main.storyboard */,
				68BC38742C915FDC0085A403 /* Assets.xcassets */,
				68BC38762C915FDC0085A403 /* LaunchScreen.storyboard */,
				68BC38792C915FDC0085A403 /* Info.plist */,
				68BC387A2C915FDC0085A403 /* main.m */,
				68BC393D2C916ED80085A403 /* KJVAPPlayer-Bridging-Header.h */,
			);
			path = KJVAPPlayer;
			sourceTree = "<group>";
		};
		68BC38832C915FDD0085A403 /* KJVAPPlayerTests */ = {
			isa = PBXGroup;
			children = (
				68BC38842C915FDD0085A403 /* KJVAPPlayerTests.m */,
			);
			path = KJVAPPlayerTests;
			sourceTree = "<group>";
		};
		68BC388D2C915FDD0085A403 /* KJVAPPlayerUITests */ = {
			isa = PBXGroup;
			children = (
				68BC388E2C915FDD0085A403 /* KJVAPPlayerUITests.m */,
				68BC38902C915FDD0085A403 /* KJVAPPlayerUITestsLaunchTests.m */,
			);
			path = KJVAPPlayerUITests;
			sourceTree = "<group>";
		};
		68BC389D2C9160780085A403 /* QGVAPlayer */ = {
			isa = PBXGroup;
			children = (
				68BC389E2C9160780085A403 /* Classes */,
				68BC38F82C9160790085A403 /* Shaders */,
			);
			path = QGVAPlayer;
			sourceTree = SOURCE_ROOT;
		};
		68BC389E2C9160780085A403 /* Classes */ = {
			isa = PBXGroup;
			children = (
				68BC38D82C9160790085A403 /* Controllers */,
				68BC38C32C9160790085A403 /* Models */,
				68BC38A02C9160780085A403 /* MP4Parser */,
				68BC38D72C9160790085A403 /* QGVAPlayer.h */,
				68BC389F2C9160780085A403 /* QGVAPWrapView.h */,
				68BC38D52C9160790085A403 /* QGVAPWrapView.m */,
				68BC38D62C9160790085A403 /* UIView+VAP.h */,
				68BC38A52C9160780085A403 /* UIView+VAP.m */,
				68BC38A62C9160780085A403 /* Utils */,
				68BC38D42C9160790085A403 /* VAPMacros.h */,
				68BC38EA2C9160790085A403 /* Views */,
			);
			path = Classes;
			sourceTree = "<group>";
		};
		68BC38A02C9160780085A403 /* MP4Parser */ = {
			isa = PBXGroup;
			children = (
				68BC38A12C9160780085A403 /* QGMP4Box.m */,
				68BC38A22C9160780085A403 /* QGMP4Parser.h */,
				68BC38A32C9160780085A403 /* QGMP4Parser.m */,
				68BC38A42C9160780085A403 /* QGMP4Box.h */,
			);
			path = MP4Parser;
			sourceTree = "<group>";
		};
		68BC38A62C9160780085A403 /* Utils */ = {
			isa = PBXGroup;
			children = (
				68BC38B42C9160790085A403 /* Categorys */,
				68BC38AB2C9160790085A403 /* Logger */,
				68BC38B02C9160790085A403 /* QGVAPMetalShaderFunctionLoader.h */,
				68BC38A72C9160780085A403 /* QGVAPMetalShaderFunctionLoader.m */,
				68BC38A82C9160780085A403 /* QGVAPMetalUtil.h */,
				68BC38AF2C9160790085A403 /* QGVAPMetalUtil.m */,
				68BC38AA2C9160780085A403 /* QGVAPSafeMutableArray.h */,
				68BC38B12C9160790085A403 /* QGVAPSafeMutableArray.m */,
				68BC38A92C9160780085A403 /* QGVAPSafeMutableDictionary.h */,
				68BC38B22C9160790085A403 /* QGVAPSafeMutableDictionary.m */,
				68BC38B32C9160790085A403 /* QGVAPWeakProxy.h */,
				68BC38AE2C9160790085A403 /* QGVAPWeakProxy.m */,
			);
			path = Utils;
			sourceTree = "<group>";
		};
		68BC38AB2C9160790085A403 /* Logger */ = {
			isa = PBXGroup;
			children = (
				68BC38AD2C9160790085A403 /* QGVAPLogger.h */,
				68BC38AC2C9160790085A403 /* QGVAPLogger.m */,
			);
			path = Logger;
			sourceTree = "<group>";
		};
		68BC38B42C9160790085A403 /* Categorys */ = {
			isa = PBXGroup;
			children = (
				68BC38BF2C9160790085A403 /* NSArray+VAPUtil.h */,
				68BC38B72C9160790085A403 /* NSArray+VAPUtil.m */,
				68BC38B52C9160790085A403 /* NSDictionary+VAPUtil.h */,
				68BC38BD2C9160790085A403 /* NSDictionary+VAPUtil.m */,
				68BC38BC2C9160790085A403 /* NSNotificationCenter+VAPThreadSafe.h */,
				68BC38B62C9160790085A403 /* NSNotificationCenter+VAPThreadSafe.m */,
				68BC38B92C9160790085A403 /* UIColor+VAPUtil.h */,
				68BC38C02C9160790085A403 /* UIColor+VAPUtil.m */,
				68BC38B82C9160790085A403 /* UIDevice+VAPUtil.h */,
				68BC38BE2C9160790085A403 /* UIDevice+VAPUtil.m */,
				68BC38BB2C9160790085A403 /* UIGestureRecognizer+VAPUtil.h */,
				68BC38C22C9160790085A403 /* UIGestureRecognizer+VAPUtil.m */,
				68BC38BA2C9160790085A403 /* UIView+MP4HWDecode.h */,
				68BC38C12C9160790085A403 /* UIView+MP4HWDecode.m */,
			);
			path = Categorys;
			sourceTree = "<group>";
		};
		68BC38C32C9160790085A403 /* Models */ = {
			isa = PBXGroup;
			children = (
				68BC38C72C9160790085A403 /* QGBaseAnimatedImageFrame.h */,
				68BC38D22C9160790085A403 /* QGBaseAnimatedImageFrame.m */,
				68BC38CB2C9160790085A403 /* QGBaseAnimatedImageFrame+Displaying.h */,
				68BC38D32C9160790085A403 /* QGBaseAnimatedImageFrame+Displaying.m */,
				68BC38C52C9160790085A403 /* QGBaseDFileInfo.h */,
				68BC38CC2C9160790085A403 /* QGBaseDFileInfo.m */,
				68BC38CD2C9160790085A403 /* QGMP4AnimatedImageFrame.h */,
				68BC38C42C9160790085A403 /* QGMP4AnimatedImageFrame.m */,
				68BC38D02C9160790085A403 /* QGMP4HWDFileInfo.h */,
				68BC38C92C9160790085A403 /* QGMP4HWDFileInfo.m */,
				68BC38CA2C9160790085A403 /* QGVAPConfigModel.h */,
				68BC38CF2C9160790085A403 /* QGVAPConfigModel.m */,
				68BC38CE2C9160790085A403 /* QGVAPMaskInfo.h */,
				68BC38C62C9160790085A403 /* QGVAPMaskInfo.m */,
				68BC38D12C9160790085A403 /* QGVAPTextureLoader.h */,
				68BC38C82C9160790085A403 /* QGVAPTextureLoader.m */,
			);
			path = Models;
			sourceTree = "<group>";
		};
		68BC38D82C9160790085A403 /* Controllers */ = {
			isa = PBXGroup;
			children = (
				68BC38E12C9160790085A403 /* Decoders */,
				68BC38DD2C9160790085A403 /* QGAnimatedImageBufferManager.h */,
				68BC38E82C9160790085A403 /* QGAnimatedImageBufferManager.m */,
				68BC38DF2C9160790085A403 /* QGAnimatedImageDecodeConfig.h */,
				68BC38D92C9160790085A403 /* QGAnimatedImageDecodeConfig.m */,
				68BC38DE2C9160790085A403 /* QGAnimatedImageDecodeManager.h */,
				68BC38E92C9160790085A403 /* QGAnimatedImageDecodeManager.m */,
				68BC38DB2C9160790085A403 /* QGAnimatedImageDecodeThread.h */,
				68BC38E62C9160790085A403 /* QGAnimatedImageDecodeThread.m */,
				68BC38DC2C9160790085A403 /* QGAnimatedImageDecodeThreadPool.h */,
				68BC38E02C9160790085A403 /* QGAnimatedImageDecodeThreadPool.m */,
				68BC38E72C9160790085A403 /* QGVAPConfigManager.h */,
				68BC38DA2C9160790085A403 /* QGVAPConfigManager.m */,
			);
			path = Controllers;
			sourceTree = "<group>";
		};
		68BC38E12C9160790085A403 /* Decoders */ = {
			isa = PBXGroup;
			children = (
				68BC38E42C9160790085A403 /* QGBaseDecoder.h */,
				68BC38E22C9160790085A403 /* QGBaseDecoder.m */,
				68BC38E52C9160790085A403 /* QGMP4FrameHWDecoder.h */,
				68BC38E32C9160790085A403 /* QGMP4FrameHWDecoder.m */,
			);
			path = Decoders;
			sourceTree = "<group>";
		};
		68BC38EA2C9160790085A403 /* Views */ = {
			isa = PBXGroup;
			children = (
				68BC38EB2C9160790085A403 /* Metal */,
				68BC38F52C9160790085A403 /* OpenGL */,
			);
			path = Views;
			sourceTree = "<group>";
		};
		68BC38EB2C9160790085A403 /* Metal */ = {
			isa = PBXGroup;
			children = (
				68BC38F42C9160790085A403 /* QGHWDMetalRenderer.h */,
				68BC38F22C9160790085A403 /* QGHWDMetalRenderer.m */,
				68BC38F32C9160790085A403 /* QGHWDMetalView.h */,
				68BC38EC2C9160790085A403 /* QGHWDMetalView.m */,
				68BC38ED2C9160790085A403 /* Vapx */,
			);
			path = Metal;
			sourceTree = "<group>";
		};
		68BC38ED2C9160790085A403 /* Vapx */ = {
			isa = PBXGroup;
			children = (
				68BC38F12C9160790085A403 /* QGVAPMetalRenderer.h */,
				68BC38EF2C9160790085A403 /* QGVAPMetalRenderer.m */,
				68BC38F02C9160790085A403 /* QGVAPMetalView.h */,
				68BC38EE2C9160790085A403 /* QGVAPMetalView.m */,
			);
			path = Vapx;
			sourceTree = "<group>";
		};
		68BC38F52C9160790085A403 /* OpenGL */ = {
			isa = PBXGroup;
			children = (
				68BC38F72C9160790085A403 /* QGHWDMP4OpenGLView.h */,
				68BC38F62C9160790085A403 /* QGHWDMP4OpenGLView.m */,
			);
			path = OpenGL;
			sourceTree = "<group>";
		};
		68BC38F82C9160790085A403 /* Shaders */ = {
			isa = PBXGroup;
			children = (
				68BC38FB2C9160790085A403 /* QGHWDMetalShaderSourceDefine.h */,
				68BC38FA2C9160790085A403 /* QGHWDShaders.metal */,
				68BC38F92C9160790085A403 /* QGHWDShaderTypes.h */,
			);
			path = Shaders;
			sourceTree = "<group>";
		};
		68BC39332C9167470085A403 /* Resource */ = {
			isa = PBXGroup;
			children = (
				68BC39352C91677B0085A403 /* demo.mp4 */,
				68BC39342C91677B0085A403 /* qq.png */,
				68BC39362C91677B0085A403 /* vap.mp4 */,
			);
			path = Resource;
			sourceTree = "<group>";
		};
/* End PBXGroup section */

/* Begin PBXNativeTarget section */
		68BC38642C915FDB0085A403 /* KJVAPPlayer */ = {
			isa = PBXNativeTarget;
			buildConfigurationList = 68BC38942C915FDD0085A403 /* Build configuration list for PBXNativeTarget "KJVAPPlayer" */;
			buildPhases = (
				68BC38612C915FDB0085A403 /* Sources */,
				68BC38622C915FDB0085A403 /* Frameworks */,
				68BC38632C915FDB0085A403 /* Resources */,
			);
			buildRules = (
			);
			dependencies = (
			);
			name = KJVAPPlayer;
			productName = KJVAPPlayer;
			productReference = 68BC38652C915FDB0085A403 /* KJVAPPlayer.app */;
			productType = "com.apple.product-type.application";
		};
		68BC387F2C915FDD0085A403 /* KJVAPPlayerTests */ = {
			isa = PBXNativeTarget;
			buildConfigurationList = 68BC38972C915FDD0085A403 /* Build configuration list for PBXNativeTarget "KJVAPPlayerTests" */;
			buildPhases = (
				68BC387C2C915FDD0085A403 /* Sources */,
				68BC387D2C915FDD0085A403 /* Frameworks */,
				68BC387E2C915FDD0085A403 /* Resources */,
			);
			buildRules = (
			);
			dependencies = (
				68BC38822C915FDD0085A403 /* PBXTargetDependency */,
			);
			name = KJVAPPlayerTests;
			productName = KJVAPPlayerTests;
			productReference = 68BC38802C915FDD0085A403 /* KJVAPPlayerTests.xctest */;
			productType = "com.apple.product-type.bundle.unit-test";
		};
		68BC38892C915FDD0085A403 /* KJVAPPlayerUITests */ = {
			isa = PBXNativeTarget;
			buildConfigurationList = 68BC389A2C915FDD0085A403 /* Build configuration list for PBXNativeTarget "KJVAPPlayerUITests" */;
			buildPhases = (
				68BC38862C915FDD0085A403 /* Sources */,
				68BC38872C915FDD0085A403 /* Frameworks */,
				68BC38882C915FDD0085A403 /* Resources */,
			);
			buildRules = (
			);
			dependencies = (
				68BC388C2C915FDD0085A403 /* PBXTargetDependency */,
			);
			name = KJVAPPlayerUITests;
			productName = KJVAPPlayerUITests;
			productReference = 68BC388A2C915FDD0085A403 /* KJVAPPlayerUITests.xctest */;
			productType = "com.apple.product-type.bundle.ui-testing";
		};
/* End PBXNativeTarget section */

/* Begin PBXProject section */
		68BC385D2C915FDB0085A403 /* Project object */ = {
			isa = PBXProject;
			attributes = {
				BuildIndependentTargetsInParallel = 1;
				LastUpgradeCheck = 1400;
				TargetAttributes = {
					68BC38642C915FDB0085A403 = {
						CreatedOnToolsVersion = 14.0;
						LastSwiftMigration = 1400;
					};
					68BC387F2C915FDD0085A403 = {
						CreatedOnToolsVersion = 14.0;
						TestTargetID = 68BC38642C915FDB0085A403;
					};
					68BC38892C915FDD0085A403 = {
						CreatedOnToolsVersion = 14.0;
						TestTargetID = 68BC38642C915FDB0085A403;
					};
				};
			};
			buildConfigurationList = 68BC38602C915FDB0085A403 /* Build configuration list for PBXProject "KJVAPPlayer" */;
			compatibilityVersion = "Xcode 14.0";
			developmentRegion = en;
			hasScannedForEncodings = 0;
			knownRegions = (
				en,
				Base,
			);
			mainGroup = 68BC385C2C915FDB0085A403;
			productRefGroup = 68BC38662C915FDB0085A403 /* Products */;
			projectDirPath = "";
			projectRoot = "";
			targets = (
				68BC38642C915FDB0085A403 /* KJVAPPlayer */,
				68BC387F2C915FDD0085A403 /* KJVAPPlayerTests */,
				68BC38892C915FDD0085A403 /* KJVAPPlayerUITests */,
			);
		};
/* End PBXProject section */

/* Begin PBXResourcesBuildPhase section */
		68BC38632C915FDB0085A403 /* Resources */ = {
			isa = PBXResourcesBuildPhase;
			buildActionMask = 2147483647;
			files = (
				68BC38782C915FDC0085A403 /* LaunchScreen.storyboard in Resources */,
				68BC38752C915FDC0085A403 /* Assets.xcassets in Resources */,
				68BC38732C915FDB0085A403 /* Main.storyboard in Resources */,
				68BC39392C91677B0085A403 /* vap.mp4 in Resources */,
				68BC39382C91677B0085A403 /* demo.mp4 in Resources */,
				68BC39372C91677B0085A403 /* qq.png in Resources */,
			);
			runOnlyForDeploymentPostprocessing = 0;
		};
		68BC387E2C915FDD0085A403 /* Resources */ = {
			isa = PBXResourcesBuildPhase;
			buildActionMask = 2147483647;
			files = (
			);
			runOnlyForDeploymentPostprocessing = 0;
		};
		68BC38882C915FDD0085A403 /* Resources */ = {
			isa = PBXResourcesBuildPhase;
			buildActionMask = 2147483647;
			files = (
			);
			runOnlyForDeploymentPostprocessing = 0;
		};
/* End PBXResourcesBuildPhase section */

/* Begin PBXSourcesBuildPhase section */
		68BC38612C915FDB0085A403 /* Sources */ = {
			isa = PBXSourcesBuildPhase;
			buildActionMask = 2147483647;
			files = (
				68BC38702C915FDB0085A403 /* ViewController.m in Sources */,
				68BC39162C9160790085A403 /* QGVAPConfigManager.m in Sources */,
				68BC39102C9160790085A403 /* QGBaseDFileInfo.m in Sources */,
				68BC39192C9160790085A403 /* QGMP4FrameHWDecoder.m in Sources */,
				68BC390E2C9160790085A403 /* QGVAPTextureLoader.m in Sources */,
				68BC39032C9160790085A403 /* QGVAPSafeMutableArray.m in Sources */,
				68BC39082C9160790085A403 /* UIDevice+VAPUtil.m in Sources */,
				68BC39022C9160790085A403 /* QGVAPMetalUtil.m in Sources */,
				68BC38FC2C9160790085A403 /* QGMP4Box.m in Sources */,
				68BC391A2C9160790085A403 /* QGAnimatedImageDecodeThread.m in Sources */,
				68BC390D2C9160790085A403 /* QGVAPMaskInfo.m in Sources */,
				68BC39142C9160790085A403 /* QGVAPWrapView.m in Sources */,
				68BC391E2C9160790085A403 /* QGVAPMetalView.m in Sources */,
				68BC390B2C9160790085A403 /* UIGestureRecognizer+VAPUtil.m in Sources */,
				68BC39122C9160790085A403 /* QGBaseAnimatedImageFrame.m in Sources */,
				68BC391C2C9160790085A403 /* QGAnimatedImageDecodeManager.m in Sources */,
				68BC38FF2C9160790085A403 /* QGVAPMetalShaderFunctionLoader.m in Sources */,
				68BC39132C9160790085A403 /* QGBaseAnimatedImageFrame+Displaying.m in Sources */,
				68BC391B2C9160790085A403 /* QGAnimatedImageBufferManager.m in Sources */,
				68BC386A2C915FDB0085A403 /* AppDelegate.m in Sources */,
				68BC39112C9160790085A403 /* QGVAPConfigModel.m in Sources */,
				68BC39172C9160790085A403 /* QGAnimatedImageDecodeThreadPool.m in Sources */,
				68BC38FE2C9160790085A403 /* UIView+VAP.m in Sources */,
				68BC39062C9160790085A403 /* NSArray+VAPUtil.m in Sources */,
				68BC391F2C9160790085A403 /* QGVAPMetalRenderer.m in Sources */,
				68BC39222C9160790085A403 /* QGHWDShaders.metal in Sources */,
				68BC39072C9160790085A403 /* NSDictionary+VAPUtil.m in Sources */,
				68BC390A2C9160790085A403 /* UIView+MP4HWDecode.m in Sources */,
				68BC387B2C915FDC0085A403 /* main.m in Sources */,
				68BC39152C9160790085A403 /* QGAnimatedImageDecodeConfig.m in Sources */,
				68BC39212C9160790085A403 /* QGHWDMP4OpenGLView.m in Sources */,
				68BC39202C9160790085A403 /* QGHWDMetalRenderer.m in Sources */,
				68BC39092C9160790085A403 /* UIColor+VAPUtil.m in Sources */,
				68BC391D2C9160790085A403 /* QGHWDMetalView.m in Sources */,
				68BC393F2C916ED80085A403 /* KJShowViewController.swift in Sources */,
				68BC39182C9160790085A403 /* QGBaseDecoder.m in Sources */,
				68BC39002C9160790085A403 /* QGVAPLogger.m in Sources */,
				68BC38FD2C9160790085A403 /* QGMP4Parser.m in Sources */,
				68BC39042C9160790085A403 /* QGVAPSafeMutableDictionary.m in Sources */,
				68BC390C2C9160790085A403 /* QGMP4AnimatedImageFrame.m in Sources */,
				68BC39052C9160790085A403 /* NSNotificationCenter+VAPThreadSafe.m in Sources */,
				68BC390F2C9160790085A403 /* QGMP4HWDFileInfo.m in Sources */,
				68BC39012C9160790085A403 /* QGVAPWeakProxy.m in Sources */,
				68BC386D2C915FDB0085A403 /* SceneDelegate.m in Sources */,
			);
			runOnlyForDeploymentPostprocessing = 0;
		};
		68BC387C2C915FDD0085A403 /* Sources */ = {
			isa = PBXSourcesBuildPhase;
			buildActionMask = 2147483647;
			files = (
				68BC38852C915FDD0085A403 /* KJVAPPlayerTests.m in Sources */,
			);
			runOnlyForDeploymentPostprocessing = 0;
		};
		68BC38862C915FDD0085A403 /* Sources */ = {
			isa = PBXSourcesBuildPhase;
			buildActionMask = 2147483647;
			files = (
				68BC38912C915FDD0085A403 /* KJVAPPlayerUITestsLaunchTests.m in Sources */,
				68BC388F2C915FDD0085A403 /* KJVAPPlayerUITests.m in Sources */,
			);
			runOnlyForDeploymentPostprocessing = 0;
		};
/* End PBXSourcesBuildPhase section */

/* Begin PBXTargetDependency section */
		68BC38822C915FDD0085A403 /* PBXTargetDependency */ = {
			isa = PBXTargetDependency;
			target = 68BC38642C915FDB0085A403 /* KJVAPPlayer */;
			targetProxy = 68BC38812C915FDD0085A403 /* PBXContainerItemProxy */;
		};
		68BC388C2C915FDD0085A403 /* PBXTargetDependency */ = {
			isa = PBXTargetDependency;
			target = 68BC38642C915FDB0085A403 /* KJVAPPlayer */;
			targetProxy = 68BC388B2C915FDD0085A403 /* PBXContainerItemProxy */;
		};
/* End PBXTargetDependency section */

/* Begin PBXVariantGroup section */
		68BC38712C915FDB0085A403 /* Main.storyboard */ = {
			isa = PBXVariantGroup;
			children = (
				68BC38722C915FDB0085A403 /* Base */,
			);
			name = Main.storyboard;
			sourceTree = "<group>";
		};
		68BC38762C915FDC0085A403 /* LaunchScreen.storyboard */ = {
			isa = PBXVariantGroup;
			children = (
				68BC38772C915FDC0085A403 /* Base */,
			);
			name = LaunchScreen.storyboard;
			sourceTree = "<group>";
		};
/* End PBXVariantGroup section */

/* Begin XCBuildConfiguration section */
		68BC38922C915FDD0085A403 /* Debug */ = {
			isa = XCBuildConfiguration;
			buildSettings = {
				ALWAYS_SEARCH_USER_PATHS = NO;
				CLANG_ANALYZER_NONNULL = YES;
				CLANG_ANALYZER_NUMBER_OBJECT_CONVERSION = YES_AGGRESSIVE;
				CLANG_CXX_LANGUAGE_STANDARD = "gnu++20";
				CLANG_ENABLE_MODULES = YES;
				CLANG_ENABLE_OBJC_ARC = YES;
				CLANG_ENABLE_OBJC_WEAK = YES;
				CLANG_WARN_BLOCK_CAPTURE_AUTORELEASING = YES;
				CLANG_WARN_BOOL_CONVERSION = YES;
				CLANG_WARN_COMMA = YES;
				CLANG_WARN_CONSTANT_CONVERSION = YES;
				CLANG_WARN_DEPRECATED_OBJC_IMPLEMENTATIONS = YES;
				CLANG_WARN_DIRECT_OBJC_ISA_USAGE = YES_ERROR;
				CLANG_WARN_DOCUMENTATION_COMMENTS = YES;
				CLANG_WARN_EMPTY_BODY = YES;
				CLANG_WARN_ENUM_CONVERSION = YES;
				CLANG_WARN_INFINITE_RECURSION = YES;
				CLANG_WARN_INT_CONVERSION = YES;
				CLANG_WARN_NON_LITERAL_NULL_CONVERSION = YES;
				CLANG_WARN_OBJC_IMPLICIT_RETAIN_SELF = YES;
				CLANG_WARN_OBJC_LITERAL_CONVERSION = YES;
				CLANG_WARN_OBJC_ROOT_CLASS = YES_ERROR;
				CLANG_WARN_QUOTED_INCLUDE_IN_FRAMEWORK_HEADER = YES;
				CLANG_WARN_RANGE_LOOP_ANALYSIS = YES;
				CLANG_WARN_STRICT_PROTOTYPES = YES;
				CLANG_WARN_SUSPICIOUS_MOVE = YES;
				CLANG_WARN_UNGUARDED_AVAILABILITY = YES_AGGRESSIVE;
				CLANG_WARN_UNREACHABLE_CODE = YES;
				CLANG_WARN__DUPLICATE_METHOD_MATCH = YES;
				COPY_PHASE_STRIP = NO;
				DEBUG_INFORMATION_FORMAT = dwarf;
				ENABLE_STRICT_OBJC_MSGSEND = YES;
				ENABLE_TESTABILITY = YES;
				GCC_C_LANGUAGE_STANDARD = gnu11;
				GCC_DYNAMIC_NO_PIC = NO;
				GCC_NO_COMMON_BLOCKS = YES;
				GCC_OPTIMIZATION_LEVEL = 0;
				GCC_PREPROCESSOR_DEFINITIONS = (
					"DEBUG=1",
					"$(inherited)",
				);
				GCC_WARN_64_TO_32_BIT_CONVERSION = YES;
				GCC_WARN_ABOUT_RETURN_TYPE = YES_ERROR;
				GCC_WARN_UNDECLARED_SELECTOR = YES;
				GCC_WARN_UNINITIALIZED_AUTOS = YES_AGGRESSIVE;
				GCC_WARN_UNUSED_FUNCTION = YES;
				GCC_WARN_UNUSED_VARIABLE = YES;
				IPHONEOS_DEPLOYMENT_TARGET = 16.0;
				MTL_ENABLE_DEBUG_INFO = INCLUDE_SOURCE;
				MTL_FAST_MATH = YES;
				ONLY_ACTIVE_ARCH = YES;
				SDKROOT = iphoneos;
			};
			name = Debug;
		};
		68BC38932C915FDD0085A403 /* Release */ = {
			isa = XCBuildConfiguration;
			buildSettings = {
				ALWAYS_SEARCH_USER_PATHS = NO;
				CLANG_ANALYZER_NONNULL = YES;
				CLANG_ANALYZER_NUMBER_OBJECT_CONVERSION = YES_AGGRESSIVE;
				CLANG_CXX_LANGUAGE_STANDARD = "gnu++20";
				CLANG_ENABLE_MODULES = YES;
				CLANG_ENABLE_OBJC_ARC = YES;
				CLANG_ENABLE_OBJC_WEAK = YES;
				CLANG_WARN_BLOCK_CAPTURE_AUTORELEASING = YES;
				CLANG_WARN_BOOL_CONVERSION = YES;
				CLANG_WARN_COMMA = YES;
				CLANG_WARN_CONSTANT_CONVERSION = YES;
				CLANG_WARN_DEPRECATED_OBJC_IMPLEMENTATIONS = YES;
				CLANG_WARN_DIRECT_OBJC_ISA_USAGE = YES_ERROR;
				CLANG_WARN_DOCUMENTATION_COMMENTS = YES;
				CLANG_WARN_EMPTY_BODY = YES;
				CLANG_WARN_ENUM_CONVERSION = YES;
				CLANG_WARN_INFINITE_RECURSION = YES;
				CLANG_WARN_INT_CONVERSION = YES;
				CLANG_WARN_NON_LITERAL_NULL_CONVERSION = YES;
				CLANG_WARN_OBJC_IMPLICIT_RETAIN_SELF = YES;
				CLANG_WARN_OBJC_LITERAL_CONVERSION = YES;
				CLANG_WARN_OBJC_ROOT_CLASS = YES_ERROR;
				CLANG_WARN_QUOTED_INCLUDE_IN_FRAMEWORK_HEADER = YES;
				CLANG_WARN_RANGE_LOOP_ANALYSIS = YES;
				CLANG_WARN_STRICT_PROTOTYPES = YES;
				CLANG_WARN_SUSPICIOUS_MOVE = YES;
				CLANG_WARN_UNGUARDED_AVAILABILITY = YES_AGGRESSIVE;
				CLANG_WARN_UNREACHABLE_CODE = YES;
				CLANG_WARN__DUPLICATE_METHOD_MATCH = YES;
				COPY_PHASE_STRIP = NO;
				DEBUG_INFORMATION_FORMAT = "dwarf-with-dsym";
				ENABLE_NS_ASSERTIONS = NO;
				ENABLE_STRICT_OBJC_MSGSEND = YES;
				GCC_C_LANGUAGE_STANDARD = gnu11;
				GCC_NO_COMMON_BLOCKS = YES;
				GCC_WARN_64_TO_32_BIT_CONVERSION = YES;
				GCC_WARN_ABOUT_RETURN_TYPE = YES_ERROR;
				GCC_WARN_UNDECLARED_SELECTOR = YES;
				GCC_WARN_UNINITIALIZED_AUTOS = YES_AGGRESSIVE;
				GCC_WARN_UNUSED_FUNCTION = YES;
				GCC_WARN_UNUSED_VARIABLE = YES;
				IPHONEOS_DEPLOYMENT_TARGET = 16.0;
				MTL_ENABLE_DEBUG_INFO = NO;
				MTL_FAST_MATH = YES;
				SDKROOT = iphoneos;
				VALIDATE_PRODUCT = YES;
			};
			name = Release;
		};
		68BC38952C915FDD0085A403 /* Debug */ = {
			isa = XCBuildConfiguration;
			buildSettings = {
				ASSETCATALOG_COMPILER_APPICON_NAME = AppIcon;
				ASSETCATALOG_COMPILER_GLOBAL_ACCENT_COLOR_NAME = AccentColor;
				CLANG_ENABLE_MODULES = YES;
				CODE_SIGN_STYLE = Automatic;
				CURRENT_PROJECT_VERSION = 1;
				DEFINES_MODULE = NO;
				DEVELOPMENT_TEAM = 6T2VWAK6CR;
				GENERATE_INFOPLIST_FILE = YES;
				INFOPLIST_FILE = KJVAPPlayer/Info.plist;
				INFOPLIST_KEY_UIApplicationSupportsIndirectInputEvents = YES;
				INFOPLIST_KEY_UILaunchStoryboardName = LaunchScreen;
				INFOPLIST_KEY_UIMainStoryboardFile = Main;
				INFOPLIST_KEY_UISupportedInterfaceOrientations_iPad = "UIInterfaceOrientationPortrait UIInterfaceOrientationPortraitUpsideDown UIInterfaceOrientationLandscapeLeft UIInterfaceOrientationLandscapeRight";
				INFOPLIST_KEY_UISupportedInterfaceOrientations_iPhone = "UIInterfaceOrientationPortrait UIInterfaceOrientationLandscapeLeft UIInterfaceOrientationLandscapeRight";
				LD_RUNPATH_SEARCH_PATHS = (
					"$(inherited)",
					"@executable_path/Frameworks",
				);
				MARKETING_VERSION = 1.0;
				PRODUCT_BUNDLE_IDENTIFIER = com.yuanxuehu.KJVAPPlayer;
				PRODUCT_NAME = "$(TARGET_NAME)";
				SWIFT_EMIT_LOC_STRINGS = YES;
				SWIFT_OBJC_BRIDGING_HEADER = "KJVAPPlayer/KJVAPPlayer-Bridging-Header.h";
				SWIFT_OPTIMIZATION_LEVEL = "-Onone";
				SWIFT_VERSION = 5.0;
				TARGETED_DEVICE_FAMILY = "1,2";
			};
			name = Debug;
		};
		68BC38962C915FDD0085A403 /* Release */ = {
			isa = XCBuildConfiguration;
			buildSettings = {
				ASSETCATALOG_COMPILER_APPICON_NAME = AppIcon;
				ASSETCATALOG_COMPILER_GLOBAL_ACCENT_COLOR_NAME = AccentColor;
				CLANG_ENABLE_MODULES = YES;
				CODE_SIGN_STYLE = Automatic;
				CURRENT_PROJECT_VERSION = 1;
				DEFINES_MODULE = NO;
				DEVELOPMENT_TEAM = 6T2VWAK6CR;
				GENERATE_INFOPLIST_FILE = YES;
				INFOPLIST_FILE = KJVAPPlayer/Info.plist;
				INFOPLIST_KEY_UIApplicationSupportsIndirectInputEvents = YES;
				INFOPLIST_KEY_UILaunchStoryboardName = LaunchScreen;
				INFOPLIST_KEY_UIMainStoryboardFile = Main;
				INFOPLIST_KEY_UISupportedInterfaceOrientations_iPad = "UIInterfaceOrientationPortrait UIInterfaceOrientationPortraitUpsideDown UIInterfaceOrientationLandscapeLeft UIInterfaceOrientationLandscapeRight";
				INFOPLIST_KEY_UISupportedInterfaceOrientations_iPhone = "UIInterfaceOrientationPortrait UIInterfaceOrientationLandscapeLeft UIInterfaceOrientationLandscapeRight";
				LD_RUNPATH_SEARCH_PATHS = (
					"$(inherited)",
					"@executable_path/Frameworks",
				);
				MARKETING_VERSION = 1.0;
				PRODUCT_BUNDLE_IDENTIFIER = com.yuanxuehu.KJVAPPlayer;
				PRODUCT_NAME = "$(TARGET_NAME)";
				SWIFT_EMIT_LOC_STRINGS = YES;
				SWIFT_OBJC_BRIDGING_HEADER = "KJVAPPlayer/KJVAPPlayer-Bridging-Header.h";
				SWIFT_VERSION = 5.0;
				TARGETED_DEVICE_FAMILY = "1,2";
			};
			name = Release;
		};
		68BC38982C915FDD0085A403 /* Debug */ = {
			isa = XCBuildConfiguration;
			buildSettings = {
				ALWAYS_EMBED_SWIFT_STANDARD_LIBRARIES = YES;
				BUNDLE_LOADER = "$(TEST_HOST)";
				CODE_SIGN_STYLE = Automatic;
				CURRENT_PROJECT_VERSION = 1;
				DEVELOPMENT_TEAM = 6T2VWAK6CR;
				GENERATE_INFOPLIST_FILE = YES;
				IPHONEOS_DEPLOYMENT_TARGET = 16.0;
				MARKETING_VERSION = 1.0;
				PRODUCT_BUNDLE_IDENTIFIER = com.yuanxuehu.KJVAPPlayerTests;
				PRODUCT_NAME = "$(TARGET_NAME)";
				SWIFT_EMIT_LOC_STRINGS = NO;
				TARGETED_DEVICE_FAMILY = "1,2";
				TEST_HOST = "$(BUILT_PRODUCTS_DIR)/KJVAPPlayer.app/$(BUNDLE_EXECUTABLE_FOLDER_PATH)/KJVAPPlayer";
			};
			name = Debug;
		};
		68BC38992C915FDD0085A403 /* Release */ = {
			isa = XCBuildConfiguration;
			buildSettings = {
				ALWAYS_EMBED_SWIFT_STANDARD_LIBRARIES = YES;
				BUNDLE_LOADER = "$(TEST_HOST)";
				CODE_SIGN_STYLE = Automatic;
				CURRENT_PROJECT_VERSION = 1;
				DEVELOPMENT_TEAM = 6T2VWAK6CR;
				GENERATE_INFOPLIST_FILE = YES;
				IPHONEOS_DEPLOYMENT_TARGET = 16.0;
				MARKETING_VERSION = 1.0;
				PRODUCT_BUNDLE_IDENTIFIER = com.yuanxuehu.KJVAPPlayerTests;
				PRODUCT_NAME = "$(TARGET_NAME)";
				SWIFT_EMIT_LOC_STRINGS = NO;
				TARGETED_DEVICE_FAMILY = "1,2";
				TEST_HOST = "$(BUILT_PRODUCTS_DIR)/KJVAPPlayer.app/$(BUNDLE_EXECUTABLE_FOLDER_PATH)/KJVAPPlayer";
			};
			name = Release;
		};
		68BC389B2C915FDD0085A403 /* Debug */ = {
			isa = XCBuildConfiguration;
			buildSettings = {
				ALWAYS_EMBED_SWIFT_STANDARD_LIBRARIES = YES;
				CODE_SIGN_STYLE = Automatic;
				CURRENT_PROJECT_VERSION = 1;
				DEVELOPMENT_TEAM = 6T2VWAK6CR;
				GENERATE_INFOPLIST_FILE = YES;
				MARKETING_VERSION = 1.0;
				PRODUCT_BUNDLE_IDENTIFIER = com.yuanxuehu.KJVAPPlayerUITests;
				PRODUCT_NAME = "$(TARGET_NAME)";
				SWIFT_EMIT_LOC_STRINGS = NO;
				TARGETED_DEVICE_FAMILY = "1,2";
				TEST_TARGET_NAME = KJVAPPlayer;
			};
			name = Debug;
		};
		68BC389C2C915FDD0085A403 /* Release */ = {
			isa = XCBuildConfiguration;
			buildSettings = {
				ALWAYS_EMBED_SWIFT_STANDARD_LIBRARIES = YES;
				CODE_SIGN_STYLE = Automatic;
				CURRENT_PROJECT_VERSION = 1;
				DEVELOPMENT_TEAM = 6T2VWAK6CR;
				GENERATE_INFOPLIST_FILE = YES;
				MARKETING_VERSION = 1.0;
				PRODUCT_BUNDLE_IDENTIFIER = com.yuanxuehu.KJVAPPlayerUITests;
				PRODUCT_NAME = "$(TARGET_NAME)";
				SWIFT_EMIT_LOC_STRINGS = NO;
				TARGETED_DEVICE_FAMILY = "1,2";
				TEST_TARGET_NAME = KJVAPPlayer;
			};
			name = Release;
		};
/* End XCBuildConfiguration section */

/* Begin XCConfigurationList section */
		68BC38602C915FDB0085A403 /* Build configuration list for PBXProject "KJVAPPlayer" */ = {
			isa = XCConfigurationList;
			buildConfigurations = (
				68BC38922C915FDD0085A403 /* Debug */,
				68BC38932C915FDD0085A403 /* Release */,
			);
			defaultConfigurationIsVisible = 0;
			defaultConfigurationName = Release;
		};
		68BC38942C915FDD0085A403 /* Build configuration list for PBXNativeTarget "KJVAPPlayer" */ = {
			isa = XCConfigurationList;
			buildConfigurations = (
				68BC38952C915FDD0085A403 /* Debug */,
				68BC38962C915FDD0085A403 /* Release */,
			);
			defaultConfigurationIsVisible = 0;
			defaultConfigurationName = Release;
		};
		68BC38972C915FDD0085A403 /* Build configuration list for PBXNativeTarget "KJVAPPlayerTests" */ = {
			isa = XCConfigurationList;
			buildConfigurations = (
				68BC38982C915FDD0085A403 /* Debug */,
				68BC38992C915FDD0085A403 /* Release */,
			);
			defaultConfigurationIsVisible = 0;
			defaultConfigurationName = Release;
		};
		68BC389A2C915FDD0085A403 /* Build configuration list for PBXNativeTarget "KJVAPPlayerUITests" */ = {
			isa = XCConfigurationList;
			buildConfigurations = (
				68BC389B2C915FDD0085A403 /* Debug */,
				68BC389C2C915FDD0085A403 /* Release */,
			);
			defaultConfigurationIsVisible = 0;
			defaultConfigurationName = Release;
		};
/* End XCConfigurationList section */
	};
	rootObject = 68BC385D2C915FDB0085A403 /* Project object */;
}
